// !$*UTF8*$!
{
	archiveVersion = 1;
	classes = {
	};
	objectVersion = 52;
	objects = {

/* Begin PBXBuildFile section */
		2657E42226C0727D00C147CA /* AppDelegate.swift in Sources */ = {isa = PBXBuildFile; fileRef = 2657E42126C0727D00C147CA /* AppDelegate.swift */; };
		2657E42426C0727D00C147CA /* SceneDelegate.swift in Sources */ = {isa = PBXBuildFile; fileRef = 2657E42326C0727D00C147CA /* SceneDelegate.swift */; };
		2657E42626C0727D00C147CA /* ViewController.swift in Sources */ = {isa = PBXBuildFile; fileRef = 2657E42526C0727D00C147CA /* ViewController.swift */; };
		2657E42926C0727D00C147CA /* Main.storyboard in Resources */ = {isa = PBXBuildFile; fileRef = 2657E42726C0727D00C147CA /* Main.storyboard */; };
		2657E42C26C0727D00C147CA /* Foodify.xcdatamodeld in Sources */ = {isa = PBXBuildFile; fileRef = 2657E42A26C0727D00C147CA /* Foodify.xcdatamodeld */; };
		2657E42E26C0728000C147CA /* Assets.xcassets in Resources */ = {isa = PBXBuildFile; fileRef = 2657E42D26C0728000C147CA /* Assets.xcassets */; };
		2657E43126C0728000C147CA /* LaunchScreen.storyboard in Resources */ = {isa = PBXBuildFile; fileRef = 2657E42F26C0728000C147CA /* LaunchScreen.storyboard */; };
		2657E43C26C0728000C147CA /* FoodifyTests.swift in Sources */ = {isa = PBXBuildFile; fileRef = 2657E43B26C0728000C147CA /* FoodifyTests.swift */; };
		2657E44726C0728100C147CA /* FoodifyUITests.swift in Sources */ = {isa = PBXBuildFile; fileRef = 2657E44626C0728100C147CA /* FoodifyUITests.swift */; };
		2657E48126C082B200C147CA /* FoodifyAPI in Frameworks */ = {isa = PBXBuildFile; productRef = 2657E48026C082B200C147CA /* FoodifyAPI */; };
/* End PBXBuildFile section */

/* Begin PBXContainerItemProxy section */
		2657E43826C0728000C147CA /* PBXContainerItemProxy */ = {
			isa = PBXContainerItemProxy;
			containerPortal = 2657E41626C0727D00C147CA /* Project object */;
			proxyType = 1;
			remoteGlobalIDString = 2657E41D26C0727D00C147CA;
			remoteInfo = Foodify;
		};
		2657E44326C0728100C147CA /* PBXContainerItemProxy */ = {
			isa = PBXContainerItemProxy;
			containerPortal = 2657E41626C0727D00C147CA /* Project object */;
			proxyType = 1;
			remoteGlobalIDString = 2657E41D26C0727D00C147CA;
			remoteInfo = Foodify;
		};
/* End PBXContainerItemProxy section */

/* Begin PBXFileReference section */
		2657E41E26C0727D00C147CA /* Foodify.app */ = {isa = PBXFileReference; explicitFileType = wrapper.application; includeInIndex = 0; path = Foodify.app; sourceTree = BUILT_PRODUCTS_DIR; };
		2657E42126C0727D00C147CA /* AppDelegate.swift */ = {isa = PBXFileReference; lastKnownFileType = sourcecode.swift; path = AppDelegate.swift; sourceTree = "<group>"; };
		2657E42326C0727D00C147CA /* SceneDelegate.swift */ = {isa = PBXFileReference; lastKnownFileType = sourcecode.swift; path = SceneDelegate.swift; sourceTree = "<group>"; };
		2657E42526C0727D00C147CA /* ViewController.swift */ = {isa = PBXFileReference; lastKnownFileType = sourcecode.swift; path = ViewController.swift; sourceTree = "<group>"; };
		2657E42826C0727D00C147CA /* Base */ = {isa = PBXFileReference; lastKnownFileType = file.storyboard; name = Base; path = Base.lproj/Main.storyboard; sourceTree = "<group>"; };
		2657E42B26C0727D00C147CA /* Foodify.xcdatamodel */ = {isa = PBXFileReference; lastKnownFileType = wrapper.xcdatamodel; path = Foodify.xcdatamodel; sourceTree = "<group>"; };
		2657E42D26C0728000C147CA /* Assets.xcassets */ = {isa = PBXFileReference; lastKnownFileType = folder.assetcatalog; path = Assets.xcassets; sourceTree = "<group>"; };
		2657E43026C0728000C147CA /* Base */ = {isa = PBXFileReference; lastKnownFileType = file.storyboard; name = Base; path = Base.lproj/LaunchScreen.storyboard; sourceTree = "<group>"; };
		2657E43226C0728000C147CA /* Info.plist */ = {isa = PBXFileReference; lastKnownFileType = text.plist.xml; path = Info.plist; sourceTree = "<group>"; };
		2657E43726C0728000C147CA /* FoodifyTests.xctest */ = {isa = PBXFileReference; explicitFileType = wrapper.cfbundle; includeInIndex = 0; path = FoodifyTests.xctest; sourceTree = BUILT_PRODUCTS_DIR; };
		2657E43B26C0728000C147CA /* FoodifyTests.swift */ = {isa = PBXFileReference; lastKnownFileType = sourcecode.swift; path = FoodifyTests.swift; sourceTree = "<group>"; };
		2657E43D26C0728000C147CA /* Info.plist */ = {isa = PBXFileReference; lastKnownFileType = text.plist.xml; path = Info.plist; sourceTree = "<group>"; };
		2657E44226C0728100C147CA /* FoodifyUITests.xctest */ = {isa = PBXFileReference; explicitFileType = wrapper.cfbundle; includeInIndex = 0; path = FoodifyUITests.xctest; sourceTree = BUILT_PRODUCTS_DIR; };
		2657E44626C0728100C147CA /* FoodifyUITests.swift */ = {isa = PBXFileReference; lastKnownFileType = sourcecode.swift; path = FoodifyUITests.swift; sourceTree = "<group>"; };
		2657E44826C0728100C147CA /* Info.plist */ = {isa = PBXFileReference; lastKnownFileType = text.plist.xml; path = Info.plist; sourceTree = "<group>"; };
/* End PBXFileReference section */

/* Begin PBXFrameworksBuildPhase section */
		2657E41B26C0727D00C147CA /* Frameworks */ = {
			isa = PBXFrameworksBuildPhase;
			buildActionMask = 2147483647;
			files = (
				2657E48126C082B200C147CA /* FoodifyAPI in Frameworks */,
			);
			runOnlyForDeploymentPostprocessing = 0;
		};
		2657E43426C0728000C147CA /* Frameworks */ = {
			isa = PBXFrameworksBuildPhase;
			buildActionMask = 2147483647;
			files = (
			);
			runOnlyForDeploymentPostprocessing = 0;
		};
		2657E43F26C0728100C147CA /* Frameworks */ = {
			isa = PBXFrameworksBuildPhase;
			buildActionMask = 2147483647;
			files = (
			);
			runOnlyForDeploymentPostprocessing = 0;
		};
/* End PBXFrameworksBuildPhase section */

/* Begin PBXGroup section */
		2657E41526C0727D00C147CA = {
			isa = PBXGroup;
			children = (
				2657E42026C0727D00C147CA /* Foodify */,
				2657E43A26C0728000C147CA /* FoodifyTests */,
				2657E44526C0728100C147CA /* FoodifyUITests */,
				2657E41F26C0727D00C147CA /* Products */,
				2657E45726C07EBC00C147CA /* Frameworks */,
			);
			sourceTree = "<group>";
		};
		2657E41F26C0727D00C147CA /* Products */ = {
			isa = PBXGroup;
			children = (
				2657E41E26C0727D00C147CA /* Foodify.app */,
				2657E43726C0728000C147CA /* FoodifyTests.xctest */,
				2657E44226C0728100C147CA /* FoodifyUITests.xctest */,
			);
			name = Products;
			sourceTree = "<group>";
		};
		2657E42026C0727D00C147CA /* Foodify */ = {
			isa = PBXGroup;
			children = (
				2657E42126C0727D00C147CA /* AppDelegate.swift */,
				2657E42326C0727D00C147CA /* SceneDelegate.swift */,
				2657E42526C0727D00C147CA /* ViewController.swift */,
				2657E42726C0727D00C147CA /* Main.storyboard */,
				2657E42D26C0728000C147CA /* Assets.xcassets */,
				2657E42F26C0728000C147CA /* LaunchScreen.storyboard */,
				2657E43226C0728000C147CA /* Info.plist */,
				2657E42A26C0727D00C147CA /* Foodify.xcdatamodeld */,
			);
			path = Foodify;
			sourceTree = "<group>";
		};
		2657E43A26C0728000C147CA /* FoodifyTests */ = {
			isa = PBXGroup;
			children = (
				2657E43B26C0728000C147CA /* FoodifyTests.swift */,
				2657E43D26C0728000C147CA /* Info.plist */,
			);
			path = FoodifyTests;
			sourceTree = "<group>";
		};
		2657E44526C0728100C147CA /* FoodifyUITests */ = {
			isa = PBXGroup;
			children = (
				2657E44626C0728100C147CA /* FoodifyUITests.swift */,
				2657E44826C0728100C147CA /* Info.plist */,
			);
			path = FoodifyUITests;
			sourceTree = "<group>";
		};
		2657E45726C07EBC00C147CA /* Frameworks */ = {
			isa = PBXGroup;
			children = (
			);
			name = Frameworks;
			sourceTree = "<group>";
		};
/* End PBXGroup section */

/* Begin PBXNativeTarget section */
		2657E41D26C0727D00C147CA /* Foodify */ = {
			isa = PBXNativeTarget;
			buildConfigurationList = 2657E44B26C0728100C147CA /* Build configuration list for PBXNativeTarget "Foodify" */;
			buildPhases = (
				2657E41A26C0727D00C147CA /* Sources */,
				2657E41B26C0727D00C147CA /* Frameworks */,
				2657E41C26C0727D00C147CA /* Resources */,
			);
			buildRules = (
			);
			dependencies = (
			);
			name = Foodify;
			packageProductDependencies = (
				2657E48026C082B200C147CA /* FoodifyAPI */,
			);
			productName = Foodify;
			productReference = 2657E41E26C0727D00C147CA /* Foodify.app */;
			productType = "com.apple.product-type.application";
		};
		2657E43626C0728000C147CA /* FoodifyTests */ = {
			isa = PBXNativeTarget;
			buildConfigurationList = 2657E44E26C0728100C147CA /* Build configuration list for PBXNativeTarget "FoodifyTests" */;
			buildPhases = (
				2657E43326C0728000C147CA /* Sources */,
				2657E43426C0728000C147CA /* Frameworks */,
				2657E43526C0728000C147CA /* Resources */,
			);
			buildRules = (
			);
			dependencies = (
				2657E43926C0728000C147CA /* PBXTargetDependency */,
			);
			name = FoodifyTests;
			productName = FoodifyTests;
			productReference = 2657E43726C0728000C147CA /* FoodifyTests.xctest */;
			productType = "com.apple.product-type.bundle.unit-test";
		};
		2657E44126C0728100C147CA /* FoodifyUITests */ = {
			isa = PBXNativeTarget;
			buildConfigurationList = 2657E45126C0728100C147CA /* Build configuration list for PBXNativeTarget "FoodifyUITests" */;
			buildPhases = (
				2657E43E26C0728100C147CA /* Sources */,
				2657E43F26C0728100C147CA /* Frameworks */,
				2657E44026C0728100C147CA /* Resources */,
			);
			buildRules = (
			);
			dependencies = (
				2657E44426C0728100C147CA /* PBXTargetDependency */,
			);
			name = FoodifyUITests;
			productName = FoodifyUITests;
			productReference = 2657E44226C0728100C147CA /* FoodifyUITests.xctest */;
			productType = "com.apple.product-type.bundle.ui-testing";
		};
/* End PBXNativeTarget section */

/* Begin PBXProject section */
		2657E41626C0727D00C147CA /* Project object */ = {
			isa = PBXProject;
			attributes = {
				LastSwiftUpdateCheck = 1240;
				LastUpgradeCheck = 1240;
				TargetAttributes = {
					2657E41D26C0727D00C147CA = {
						CreatedOnToolsVersion = 12.4;
					};
					2657E43626C0728000C147CA = {
						CreatedOnToolsVersion = 12.4;
						TestTargetID = 2657E41D26C0727D00C147CA;
					};
					2657E44126C0728100C147CA = {
						CreatedOnToolsVersion = 12.4;
						TestTargetID = 2657E41D26C0727D00C147CA;
					};
				};
			};
			buildConfigurationList = 2657E41926C0727D00C147CA /* Build configuration list for PBXProject "Foodify" */;
			compatibilityVersion = "Xcode 9.3";
			developmentRegion = en;
			hasScannedForEncodings = 0;
			knownRegions = (
				en,
				Base,
			);
			mainGroup = 2657E41526C0727D00C147CA;
			productRefGroup = 2657E41F26C0727D00C147CA /* Products */;
			projectDirPath = "";
			projectRoot = "";
			targets = (
				2657E41D26C0727D00C147CA /* Foodify */,
				2657E43626C0728000C147CA /* FoodifyTests */,
				2657E44126C0728100C147CA /* FoodifyUITests */,
			);
		};
/* End PBXProject section */

/* Begin PBXResourcesBuildPhase section */
		2657E41C26C0727D00C147CA /* Resources */ = {
			isa = PBXResourcesBuildPhase;
			buildActionMask = 2147483647;
			files = (
				2657E43126C0728000C147CA /* LaunchScreen.storyboard in Resources */,
				2657E42E26C0728000C147CA /* Assets.xcassets in Resources */,
				2657E42926C0727D00C147CA /* Main.storyboard in Resources */,
			);
			runOnlyForDeploymentPostprocessing = 0;
		};
		2657E43526C0728000C147CA /* Resources */ = {
			isa = PBXResourcesBuildPhase;
			buildActionMask = 2147483647;
			files = (
			);
			runOnlyForDeploymentPostprocessing = 0;
		};
		2657E44026C0728100C147CA /* Resources */ = {
			isa = PBXResourcesBuildPhase;
			buildActionMask = 2147483647;
			files = (
			);
			runOnlyForDeploymentPostprocessing = 0;
		};
/* End PBXResourcesBuildPhase section */

/* Begin PBXSourcesBuildPhase section */
		2657E41A26C0727D00C147CA /* Sources */ = {
			isa = PBXSourcesBuildPhase;
			buildActionMask = 2147483647;
			files = (
				2657E42C26C0727D00C147CA /* Foodify.xcdatamodeld in Sources */,
				2657E42626C0727D00C147CA /* ViewController.swift in Sources */,
				2657E42226C0727D00C147CA /* AppDelegate.swift in Sources */,
				2657E42426C0727D00C147CA /* SceneDelegate.swift in Sources */,
			);
			runOnlyForDeploymentPostprocessing = 0;
		};
		2657E43326C0728000C147CA /* Sources */ = {
			isa = PBXSourcesBuildPhase;
			buildActionMask = 2147483647;
			files = (
				2657E43C26C0728000C147CA /* FoodifyTests.swift in Sources */,
			);
			runOnlyForDeploymentPostprocessing = 0;
		};
		2657E43E26C0728100C147CA /* Sources */ = {
			isa = PBXSourcesBuildPhase;
			buildActionMask = 2147483647;
			files = (
				2657E44726C0728100C147CA /* FoodifyUITests.swift in Sources */,
			);
			runOnlyForDeploymentPostprocessing = 0;
		};
/* End PBXSourcesBuildPhase section */

/* Begin PBXTargetDependency section */
		2657E43926C0728000C147CA /* PBXTargetDependency */ = {
			isa = PBXTargetDependency;
			target = 2657E41D26C0727D00C147CA /* Foodify */;
			targetProxy = 2657E43826C0728000C147CA /* PBXContainerItemProxy */;
		};
		2657E44426C0728100C147CA /* PBXTargetDependency */ = {
			isa = PBXTargetDependency;
			target = 2657E41D26C0727D00C147CA /* Foodify */;
			targetProxy = 2657E44326C0728100C147CA /* PBXContainerItemProxy */;
		};
/* End PBXTargetDependency section */

/* Begin PBXVariantGroup section */
		2657E42726C0727D00C147CA /* Main.storyboard */ = {
			isa = PBXVariantGroup;
			children = (
				2657E42826C0727D00C147CA /* Base */,
			);
			name = Main.storyboard;
			sourceTree = "<group>";
		};
		2657E42F26C0728000C147CA /* LaunchScreen.storyboard */ = {
			isa = PBXVariantGroup;
			children = (
				2657E43026C0728000C147CA /* Base */,
			);
			name = LaunchScreen.storyboard;
			sourceTree = "<group>";
		};
/* End PBXVariantGroup section */

/* Begin XCBuildConfiguration section */
		2657E44926C0728100C147CA /* Debug */ = {
			isa = XCBuildConfiguration;
			buildSettings = {
				ALWAYS_SEARCH_USER_PATHS = NO;
				CLANG_ANALYZER_NONNULL = YES;
				CLANG_ANALYZER_NUMBER_OBJECT_CONVERSION = YES_AGGRESSIVE;
				CLANG_CXX_LANGUAGE_STANDARD = "gnu++14";
				CLANG_CXX_LIBRARY = "libc++";
				CLANG_ENABLE_MODULES = YES;
				CLANG_ENABLE_OBJC_ARC = YES;
				CLANG_ENABLE_OBJC_WEAK = YES;
				CLANG_WARN_BLOCK_CAPTURE_AUTORELEASING = YES;
				CLANG_WARN_BOOL_CONVERSION = YES;
				CLANG_WARN_COMMA = YES;
				CLANG_WARN_CONSTANT_CONVERSION = YES;
				CLANG_WARN_DEPRECATED_OBJC_IMPLEMENTATIONS = YES;
				CLANG_WARN_DIRECT_OBJC_ISA_USAGE = YES_ERROR;
				CLANG_WARN_DOCUMENTATION_COMMENTS = YES;
				CLANG_WARN_EMPTY_BODY = YES;
				CLANG_WARN_ENUM_CONVERSION = YES;
				CLANG_WARN_INFINITE_RECURSION = YES;
				CLANG_WARN_INT_CONVERSION = YES;
				CLANG_WARN_NON_LITERAL_NULL_CONVERSION = YES;
				CLANG_WARN_OBJC_IMPLICIT_RETAIN_SELF = YES;
				CLANG_WARN_OBJC_LITERAL_CONVERSION = YES;
				CLANG_WARN_OBJC_ROOT_CLASS = YES_ERROR;
				CLANG_WARN_QUOTED_INCLUDE_IN_FRAMEWORK_HEADER = YES;
				CLANG_WARN_RANGE_LOOP_ANALYSIS = YES;
				CLANG_WARN_STRICT_PROTOTYPES = YES;
				CLANG_WARN_SUSPICIOUS_MOVE = YES;
				CLANG_WARN_UNGUARDED_AVAILABILITY = YES_AGGRESSIVE;
				CLANG_WARN_UNREACHABLE_CODE = YES;
				CLANG_WARN__DUPLICATE_METHOD_MATCH = YES;
				COPY_PHASE_STRIP = NO;
				DEBUG_INFORMATION_FORMAT = dwarf;
				ENABLE_STRICT_OBJC_MSGSEND = YES;
				ENABLE_TESTABILITY = YES;
				GCC_C_LANGUAGE_STANDARD = gnu11;
				GCC_DYNAMIC_NO_PIC = NO;
				GCC_NO_COMMON_BLOCKS = YES;
				GCC_OPTIMIZATION_LEVEL = 0;
				GCC_PREPROCESSOR_DEFINITIONS = (
					"DEBUG=1",
					"$(inherited)",
				);
				GCC_WARN_64_TO_32_BIT_CONVERSION = YES;
				GCC_WARN_ABOUT_RETURN_TYPE = YES_ERROR;
				GCC_WARN_UNDECLARED_SELECTOR = YES;
				GCC_WARN_UNINITIALIZED_AUTOS = YES_AGGRESSIVE;
				GCC_WARN_UNUSED_FUNCTION = YES;
				GCC_WARN_UNUSED_VARIABLE = YES;
				IPHONEOS_DEPLOYMENT_TARGET = 14.4;
				MTL_ENABLE_DEBUG_INFO = INCLUDE_SOURCE;
				MTL_FAST_MATH = YES;
				ONLY_ACTIVE_ARCH = YES;
				SDKROOT = iphoneos;
				SWIFT_ACTIVE_COMPILATION_CONDITIONS = DEBUG;
				SWIFT_OPTIMIZATION_LEVEL = "-Onone";
			};
			name = Debug;
		};
		2657E44A26C0728100C147CA /* Release */ = {
			isa = XCBuildConfiguration;
			buildSettings = {
				ALWAYS_SEARCH_USER_PATHS = NO;
				CLANG_ANALYZER_NONNULL = YES;
				CLANG_ANALYZER_NUMBER_OBJECT_CONVERSION = YES_AGGRESSIVE;
				CLANG_CXX_LANGUAGE_STANDARD = "gnu++14";
				CLANG_CXX_LIBRARY = "libc++";
				CLANG_ENABLE_MODULES = YES;
				CLANG_ENABLE_OBJC_ARC = YES;
				CLANG_ENABLE_OBJC_WEAK = YES;
				CLANG_WARN_BLOCK_CAPTURE_AUTORELEASING = YES;
				CLANG_WARN_BOOL_CONVERSION = YES;
				CLANG_WARN_COMMA = YES;
				CLANG_WARN_CONSTANT_CONVERSION = YES;
				CLANG_WARN_DEPRECATED_OBJC_IMPLEMENTATIONS = YES;
				CLANG_WARN_DIRECT_OBJC_ISA_USAGE = YES_ERROR;
				CLANG_WARN_DOCUMENTATION_COMMENTS = YES;
				CLANG_WARN_EMPTY_BODY = YES;
				CLANG_WARN_ENUM_CONVERSION = YES;
				CLANG_WARN_INFINITE_RECURSION = YES;
				CLANG_WARN_INT_CONVERSION = YES;
				CLANG_WARN_NON_LITERAL_NULL_CONVERSION = YES;
				CLANG_WARN_OBJC_IMPLICIT_RETAIN_SELF = YES;
				CLANG_WARN_OBJC_LITERAL_CONVERSION = YES;
				CLANG_WARN_OBJC_ROOT_CLASS = YES_ERROR;
				CLANG_WARN_QUOTED_INCLUDE_IN_FRAMEWORK_HEADER = YES;
				CLANG_WARN_RANGE_LOOP_ANALYSIS = YES;
				CLANG_WARN_STRICT_PROTOTYPES = YES;
				CLANG_WARN_SUSPICIOUS_MOVE = YES;
				CLANG_WARN_UNGUARDED_AVAILABILITY = YES_AGGRESSIVE;
				CLANG_WARN_UNREACHABLE_CODE = YES;
				CLANG_WARN__DUPLICATE_METHOD_MATCH = YES;
				COPY_PHASE_STRIP = NO;
				DEBUG_INFORMATION_FORMAT = "dwarf-with-dsym";
				ENABLE_NS_ASSERTIONS = NO;
				ENABLE_STRICT_OBJC_MSGSEND = YES;
				GCC_C_LANGUAGE_STANDARD = gnu11;
				GCC_NO_COMMON_BLOCKS = YES;
				GCC_WARN_64_TO_32_BIT_CONVERSION = YES;
				GCC_WARN_ABOUT_RETURN_TYPE = YES_ERROR;
				GCC_WARN_UNDECLARED_SELECTOR = YES;
				GCC_WARN_UNINITIALIZED_AUTOS = YES_AGGRESSIVE;
				GCC_WARN_UNUSED_FUNCTION = YES;
				GCC_WARN_UNUSED_VARIABLE = YES;
				IPHONEOS_DEPLOYMENT_TARGET = 14.4;
				MTL_ENABLE_DEBUG_INFO = NO;
				MTL_FAST_MATH = YES;
				SDKROOT = iphoneos;
				SWIFT_COMPILATION_MODE = wholemodule;
				SWIFT_OPTIMIZATION_LEVEL = "-O";
				VALIDATE_PRODUCT = YES;
			};
			name = Release;
		};
		2657E44C26C0728100C147CA /* Debug */ = {
			isa = XCBuildConfiguration;
			buildSettings = {
				ASSETCATALOG_COMPILER_APPICON_NAME = AppIcon;
				ASSETCATALOG_COMPILER_GLOBAL_ACCENT_COLOR_NAME = AccentColor;
				CODE_SIGN_STYLE = Automatic;
				DEVELOPMENT_TEAM = DM229JN84M;
				INFOPLIST_FILE = Foodify/Info.plist;
				LD_RUNPATH_SEARCH_PATHS = (
					"$(inherited)",
					"@executable_path/Frameworks",
				);
				PRODUCT_BUNDLE_IDENTIFIER = com.samedbicer.Foodify;
				PRODUCT_NAME = "$(TARGET_NAME)";
				SWIFT_VERSION = 5.0;
				TARGETED_DEVICE_FAMILY = "1,2";
			};
			name = Debug;
		};
		2657E44D26C0728100C147CA /* Release */ = {
			isa = XCBuildConfiguration;
			buildSettings = {
				ASSETCATALOG_COMPILER_APPICON_NAME = AppIcon;
				ASSETCATALOG_COMPILER_GLOBAL_ACCENT_COLOR_NAME = AccentColor;
				CODE_SIGN_STYLE = Automatic;
				DEVELOPMENT_TEAM = DM229JN84M;
				INFOPLIST_FILE = Foodify/Info.plist;
				LD_RUNPATH_SEARCH_PATHS = (
					"$(inherited)",
					"@executable_path/Frameworks",
				);
				PRODUCT_BUNDLE_IDENTIFIER = com.samedbicer.Foodify;
				PRODUCT_NAME = "$(TARGET_NAME)";
				SWIFT_VERSION = 5.0;
				TARGETED_DEVICE_FAMILY = "1,2";
			};
			name = Release;
		};
		2657E44F26C0728100C147CA /* Debug */ = {
			isa = XCBuildConfiguration;
			buildSettings = {
				ALWAYS_EMBED_SWIFT_STANDARD_LIBRARIES = YES;
				BUNDLE_LOADER = "$(TEST_HOST)";
				CODE_SIGN_STYLE = Automatic;
				DEVELOPMENT_TEAM = DM229JN84M;
				INFOPLIST_FILE = FoodifyTests/Info.plist;
				IPHONEOS_DEPLOYMENT_TARGET = 14.4;
				LD_RUNPATH_SEARCH_PATHS = (
					"$(inherited)",
					"@executable_path/Frameworks",
					"@loader_path/Frameworks",
				);
				PRODUCT_BUNDLE_IDENTIFIER = com.samedbicer.FoodifyTests;
				PRODUCT_NAME = "$(TARGET_NAME)";
				SWIFT_VERSION = 5.0;
				TARGETED_DEVICE_FAMILY = "1,2";
				TEST_HOST = "$(BUILT_PRODUCTS_DIR)/Foodify.app/Foodify";
			};
			name = Debug;
		};
		2657E45026C0728100C147CA /* Release */ = {
			isa = XCBuildConfiguration;
			buildSettings = {
				ALWAYS_EMBED_SWIFT_STANDARD_LIBRARIES = YES;
				BUNDLE_LOADER = "$(TEST_HOST)";
				CODE_SIGN_STYLE = Automatic;
				DEVELOPMENT_TEAM = DM229JN84M;
				INFOPLIST_FILE = FoodifyTests/Info.plist;
				IPHONEOS_DEPLOYMENT_TARGET = 14.4;
				LD_RUNPATH_SEARCH_PATHS = (
					"$(inherited)",
					"@executable_path/Frameworks",
					"@loader_path/Frameworks",
				);
				PRODUCT_BUNDLE_IDENTIFIER = com.samedbicer.FoodifyTests;
				PRODUCT_NAME = "$(TARGET_NAME)";
				SWIFT_VERSION = 5.0;
				TARGETED_DEVICE_FAMILY = "1,2";
				TEST_HOST = "$(BUILT_PRODUCTS_DIR)/Foodify.app/Foodify";
			};
			name = Release;
		};
		2657E45226C0728100C147CA /* Debug */ = {
			isa = XCBuildConfiguration;
			buildSettings = {
				ALWAYS_EMBED_SWIFT_STANDARD_LIBRARIES = YES;
				CODE_SIGN_STYLE = Automatic;
				DEVELOPMENT_TEAM = DM229JN84M;
				INFOPLIST_FILE = FoodifyUITests/Info.plist;
				LD_RUNPATH_SEARCH_PATHS = (
					"$(inherited)",
					"@executable_path/Frameworks",
					"@loader_path/Frameworks",
				);
				PRODUCT_BUNDLE_IDENTIFIER = com.samedbicer.FoodifyUITests;
				PRODUCT_NAME = "$(TARGET_NAME)";
				SWIFT_VERSION = 5.0;
				TARGETED_DEVICE_FAMILY = "1,2";
				TEST_TARGET_NAME = Foodify;
			};
			name = Debug;
		};
		2657E45326C0728100C147CA /* Release */ = {
			isa = XCBuildConfiguration;
			buildSettings = {
				ALWAYS_EMBED_SWIFT_STANDARD_LIBRARIES = YES;
				CODE_SIGN_STYLE = Automatic;
				DEVELOPMENT_TEAM = DM229JN84M;
				INFOPLIST_FILE = FoodifyUITests/Info.plist;
				LD_RUNPATH_SEARCH_PATHS = (
					"$(inherited)",
					"@executable_path/Frameworks",
					"@loader_path/Frameworks",
				);
				PRODUCT_BUNDLE_IDENTIFIER = com.samedbicer.FoodifyUITests;
				PRODUCT_NAME = "$(TARGET_NAME)";
				SWIFT_VERSION = 5.0;
				TARGETED_DEVICE_FAMILY = "1,2";
				TEST_TARGET_NAME = Foodify;
			};
			name = Release;
		};
/* End XCBuildConfiguration section */

/* Begin XCConfigurationList section */
		2657E41926C0727D00C147CA /* Build configuration list for PBXProject "Foodify" */ = {
			isa = XCConfigurationList;
			buildConfigurations = (
				2657E44926C0728100C147CA /* Debug */,
				2657E44A26C0728100C147CA /* Release */,
			);
			defaultConfigurationIsVisible = 0;
			defaultConfigurationName = Release;
		};
		2657E44B26C0728100C147CA /* Build configuration list for PBXNativeTarget "Foodify" */ = {
			isa = XCConfigurationList;
			buildConfigurations = (
				2657E44C26C0728100C147CA /* Debug */,
				2657E44D26C0728100C147CA /* Release */,
			);
			defaultConfigurationIsVisible = 0;
			defaultConfigurationName = Release;
		};
		2657E44E26C0728100C147CA /* Build configuration list for PBXNativeTarget "FoodifyTests" */ = {
			isa = XCConfigurationList;
			buildConfigurations = (
				2657E44F26C0728100C147CA /* Debug */,
				2657E45026C0728100C147CA /* Release */,
			);
			defaultConfigurationIsVisible = 0;
			defaultConfigurationName = Release;
		};
		2657E45126C0728100C147CA /* Build configuration list for PBXNativeTarget "FoodifyUITests" */ = {
			isa = XCConfigurationList;
			buildConfigurations = (
				2657E45226C0728100C147CA /* Debug */,
				2657E45326C0728100C147CA /* Release */,
			);
			defaultConfigurationIsVisible = 0;
			defaultConfigurationName = Release;
		};
/* End XCConfigurationList section */

/* Begin XCSwiftPackageProductDependency section */
		2657E48026C082B200C147CA /* FoodifyAPI */ = {
			isa = XCSwiftPackageProductDependency;
			productName = FoodifyAPI;
		};
/* End XCSwiftPackageProductDependency section */

/* Begin XCVersionGroup section */
		2657E42A26C0727D00C147CA /* Foodify.xcdatamodeld */ = {
			isa = XCVersionGroup;
			children = (
				2657E42B26C0727D00C147CA /* Foodify.xcdatamodel */,
			);
			currentVersion = 2657E42B26C0727D00C147CA /* Foodify.xcdatamodel */;
			path = Foodify.xcdatamodeld;
			sourceTree = "<group>";
			versionGroupType = wrapper.xcdatamodel;
		};
/* End XCVersionGroup section */
	};
	rootObject = 2657E41626C0727D00C147CA /* Project object */;
}
