// !$*UTF8*$!
{
	archiveVersion = 1;
	classes = {
	};
	objectVersion = 52;
	objects = {

/* Begin PBXBuildFile section */
		2657E42226C0727D00C147CA /* AppDelegate.swift in Sources */ = {isa = PBXBuildFile; fileRef = 2657E42126C0727D00C147CA /* AppDelegate.swift */; };
		2657E42426C0727D00C147CA /* SceneDelegate.swift in Sources */ = {isa = PBXBuildFile; fileRef = 2657E42326C0727D00C147CA /* SceneDelegate.swift */; };
		2657E42626C0727D00C147CA /* ViewController.swift in Sources */ = {isa = PBXBuildFile; fileRef = 2657E42526C0727D00C147CA /* ViewController.swift */; };
		2657E42C26C0727D00C147CA /* Foodify.xcdatamodeld in Sources */ = {isa = PBXBuildFile; fileRef = 2657E42A26C0727D00C147CA /* Foodify.xcdatamodeld */; };
		2657E42E26C0728000C147CA /* Assets.xcassets in Resources */ = {isa = PBXBuildFile; fileRef = 2657E42D26C0728000C147CA /* Assets.xcassets */; };
		2657E43126C0728000C147CA /* LaunchScreen.storyboard in Resources */ = {isa = PBXBuildFile; fileRef = 2657E42F26C0728000C147CA /* LaunchScreen.storyboard */; };
		2657E43C26C0728000C147CA /* FoodifyTests.swift in Sources */ = {isa = PBXBuildFile; fileRef = 2657E43B26C0728000C147CA /* FoodifyTests.swift */; };
		2657E44726C0728100C147CA /* FoodifyUITests.swift in Sources */ = {isa = PBXBuildFile; fileRef = 2657E44626C0728100C147CA /* FoodifyUITests.swift */; };
		2657E48126C082B200C147CA /* FoodifyAPI in Frameworks */ = {isa = PBXBuildFile; productRef = 2657E48026C082B200C147CA /* FoodifyAPI */; };
		26AF31E926C1995A00EDA357 /* LabelWithImageView.swift in Sources */ = {isa = PBXBuildFile; fileRef = 26AF31E826C1995A00EDA357 /* LabelWithImageView.swift */; };
		26AF31EE26C1996600EDA357 /* LabelWithImageUIModel.swift in Sources */ = {isa = PBXBuildFile; fileRef = 26AF31ED26C1996600EDA357 /* LabelWithImageUIModel.swift */; };
		26AF31F426C1B7D800EDA357 /* CategoryCardView.swift in Sources */ = {isa = PBXBuildFile; fileRef = 26AF31F326C1B7D800EDA357 /* CategoryCardView.swift */; };
		26AF31F926C1B7F000EDA357 /* CategoryCardViewUIModel.swift in Sources */ = {isa = PBXBuildFile; fileRef = 26AF31F826C1B7F000EDA357 /* CategoryCardViewUIModel.swift */; };
		26AF320626C1BED600EDA357 /* Constants.swift in Sources */ = {isa = PBXBuildFile; fileRef = 26AF320526C1BED600EDA357 /* Constants.swift */; };
		26AF320E26C1BF8D00EDA357 /* Poppins-Bold.ttf in Resources */ = {isa = PBXBuildFile; fileRef = 26AF320A26C1BF8D00EDA357 /* Poppins-Bold.ttf */; };
		26AF320F26C1BF8D00EDA357 /* Poppins-Regular.ttf in Resources */ = {isa = PBXBuildFile; fileRef = 26AF320B26C1BF8D00EDA357 /* Poppins-Regular.ttf */; };
		26AF321026C1BF8D00EDA357 /* Poppins-SemiBold.ttf in Resources */ = {isa = PBXBuildFile; fileRef = 26AF320C26C1BF8D00EDA357 /* Poppins-SemiBold.ttf */; };
		26AF321126C1BF8D00EDA357 /* Poppins-Medium.ttf in Resources */ = {isa = PBXBuildFile; fileRef = 26AF320D26C1BF8D00EDA357 /* Poppins-Medium.ttf */; };
		26AF321626C1C0B900EDA357 /* Colors.xcassets in Resources */ = {isa = PBXBuildFile; fileRef = 26AF321526C1C0B900EDA357 /* Colors.xcassets */; };
		26AF321C26C1C21A00EDA357 /* UIColor+Extension.swift in Sources */ = {isa = PBXBuildFile; fileRef = 26AF321B26C1C21A00EDA357 /* UIColor+Extension.swift */; };
		26AF322526C1D36800EDA357 /* RatingStarsView.swift in Sources */ = {isa = PBXBuildFile; fileRef = 26AF322426C1D36800EDA357 /* RatingStarsView.swift */; };
		26AF322A26C1D37900EDA357 /* RatingStarsViewUIModel.swift in Sources */ = {isa = PBXBuildFile; fileRef = 26AF322926C1D37900EDA357 /* RatingStarsViewUIModel.swift */; };
		26AF323026C2883900EDA357 /* ImageWithShadowView.swift in Sources */ = {isa = PBXBuildFile; fileRef = 26AF322F26C2883900EDA357 /* ImageWithShadowView.swift */; };
		26AF323826C2885700EDA357 /* ImageWithShadowViewUIModel.swift in Sources */ = {isa = PBXBuildFile; fileRef = 26AF323726C2885700EDA357 /* ImageWithShadowViewUIModel.swift */; };
		26AF323E26C29D8200EDA357 /* VerticalInfoCardView.swift in Sources */ = {isa = PBXBuildFile; fileRef = 26AF323D26C29D8200EDA357 /* VerticalInfoCardView.swift */; };
		26AF324626C29D9F00EDA357 /* VerticalInfoCardViewUIModel.swift in Sources */ = {isa = PBXBuildFile; fileRef = 26AF324526C29D9F00EDA357 /* VerticalInfoCardViewUIModel.swift */; };
		26AF324C26C2CC6E00EDA357 /* PropertyView.swift in Sources */ = {isa = PBXBuildFile; fileRef = 26AF324B26C2CC6E00EDA357 /* PropertyView.swift */; };
		26AF325126C2CC8A00EDA357 /* PropertyViewUIModel.swift in Sources */ = {isa = PBXBuildFile; fileRef = 26AF325026C2CC8A00EDA357 /* PropertyViewUIModel.swift */; };
		26AF325726C3001D00EDA357 /* SmallIconButton.swift in Sources */ = {isa = PBXBuildFile; fileRef = 26AF325626C3001D00EDA357 /* SmallIconButton.swift */; };
		26AF325C26C3003000EDA357 /* SmallIconButtonUIModel.swift in Sources */ = {isa = PBXBuildFile; fileRef = 26AF325B26C3003000EDA357 /* SmallIconButtonUIModel.swift */; };
		26AF326826C30C9B00EDA357 /* IncreaseDecreaseView.swift in Sources */ = {isa = PBXBuildFile; fileRef = 26AF326726C30C9B00EDA357 /* IncreaseDecreaseView.swift */; };
		26AF327026C30CB500EDA357 /* IncreaseDecreaseViewUIModel.swift in Sources */ = {isa = PBXBuildFile; fileRef = 26AF326F26C30CB500EDA357 /* IncreaseDecreaseViewUIModel.swift */; };
		26AF327626C31BFC00EDA357 /* CustomButton.swift in Sources */ = {isa = PBXBuildFile; fileRef = 26AF327526C31BFC00EDA357 /* CustomButton.swift */; };
		26AF327C26C3C5EE00EDA357 /* HorizontalInfoCardView.swift in Sources */ = {isa = PBXBuildFile; fileRef = 26AF327B26C3C5EE00EDA357 /* HorizontalInfoCardView.swift */; };
		26AF328126C3C60F00EDA357 /* HorizontalInfoCardViewUIModel.swift in Sources */ = {isa = PBXBuildFile; fileRef = 26AF328026C3C60F00EDA357 /* HorizontalInfoCardViewUIModel.swift */; };
		26AF328726C3FAFA00EDA357 /* BasicTableRowView.swift in Sources */ = {isa = PBXBuildFile; fileRef = 26AF328626C3FAFA00EDA357 /* BasicTableRowView.swift */; };
		26AF328F26C3FB1400EDA357 /* BasicTableRowViewUIModel.swift in Sources */ = {isa = PBXBuildFile; fileRef = 26AF328E26C3FB1400EDA357 /* BasicTableRowViewUIModel.swift */; };
/* End PBXBuildFile section */

/* Begin PBXContainerItemProxy section */
		2657E43826C0728000C147CA /* PBXContainerItemProxy */ = {
			isa = PBXContainerItemProxy;
			containerPortal = 2657E41626C0727D00C147CA /* Project object */;
			proxyType = 1;
			remoteGlobalIDString = 2657E41D26C0727D00C147CA;
			remoteInfo = Foodify;
		};
		2657E44326C0728100C147CA /* PBXContainerItemProxy */ = {
			isa = PBXContainerItemProxy;
			containerPortal = 2657E41626C0727D00C147CA /* Project object */;
			proxyType = 1;
			remoteGlobalIDString = 2657E41D26C0727D00C147CA;
			remoteInfo = Foodify;
		};
/* End PBXContainerItemProxy section */

/* Begin PBXFileReference section */
		2657E41E26C0727D00C147CA /* Foodify.app */ = {isa = PBXFileReference; explicitFileType = wrapper.application; includeInIndex = 0; path = Foodify.app; sourceTree = BUILT_PRODUCTS_DIR; };
		2657E42126C0727D00C147CA /* AppDelegate.swift */ = {isa = PBXFileReference; lastKnownFileType = sourcecode.swift; path = AppDelegate.swift; sourceTree = "<group>"; };
		2657E42326C0727D00C147CA /* SceneDelegate.swift */ = {isa = PBXFileReference; lastKnownFileType = sourcecode.swift; path = SceneDelegate.swift; sourceTree = "<group>"; };
		2657E42526C0727D00C147CA /* ViewController.swift */ = {isa = PBXFileReference; lastKnownFileType = sourcecode.swift; path = ViewController.swift; sourceTree = "<group>"; };
		2657E42B26C0727D00C147CA /* Foodify.xcdatamodel */ = {isa = PBXFileReference; lastKnownFileType = wrapper.xcdatamodel; path = Foodify.xcdatamodel; sourceTree = "<group>"; };
		2657E42D26C0728000C147CA /* Assets.xcassets */ = {isa = PBXFileReference; lastKnownFileType = folder.assetcatalog; path = Assets.xcassets; sourceTree = "<group>"; };
		2657E43026C0728000C147CA /* Base */ = {isa = PBXFileReference; lastKnownFileType = file.storyboard; name = Base; path = Base.lproj/LaunchScreen.storyboard; sourceTree = "<group>"; };
		2657E43226C0728000C147CA /* Info.plist */ = {isa = PBXFileReference; lastKnownFileType = text.plist.xml; path = Info.plist; sourceTree = "<group>"; };
		2657E43726C0728000C147CA /* FoodifyTests.xctest */ = {isa = PBXFileReference; explicitFileType = wrapper.cfbundle; includeInIndex = 0; path = FoodifyTests.xctest; sourceTree = BUILT_PRODUCTS_DIR; };
		2657E43B26C0728000C147CA /* FoodifyTests.swift */ = {isa = PBXFileReference; lastKnownFileType = sourcecode.swift; path = FoodifyTests.swift; sourceTree = "<group>"; };
		2657E43D26C0728000C147CA /* Info.plist */ = {isa = PBXFileReference; lastKnownFileType = text.plist.xml; path = Info.plist; sourceTree = "<group>"; };
		2657E44226C0728100C147CA /* FoodifyUITests.xctest */ = {isa = PBXFileReference; explicitFileType = wrapper.cfbundle; includeInIndex = 0; path = FoodifyUITests.xctest; sourceTree = BUILT_PRODUCTS_DIR; };
		2657E44626C0728100C147CA /* FoodifyUITests.swift */ = {isa = PBXFileReference; lastKnownFileType = sourcecode.swift; path = FoodifyUITests.swift; sourceTree = "<group>"; };
		2657E44826C0728100C147CA /* Info.plist */ = {isa = PBXFileReference; lastKnownFileType = text.plist.xml; path = Info.plist; sourceTree = "<group>"; };
		26AF31E826C1995A00EDA357 /* LabelWithImageView.swift */ = {isa = PBXFileReference; lastKnownFileType = sourcecode.swift; path = LabelWithImageView.swift; sourceTree = "<group>"; };
		26AF31ED26C1996600EDA357 /* LabelWithImageUIModel.swift */ = {isa = PBXFileReference; lastKnownFileType = sourcecode.swift; path = LabelWithImageUIModel.swift; sourceTree = "<group>"; };
		26AF31F326C1B7D800EDA357 /* CategoryCardView.swift */ = {isa = PBXFileReference; lastKnownFileType = sourcecode.swift; path = CategoryCardView.swift; sourceTree = "<group>"; };
		26AF31F826C1B7F000EDA357 /* CategoryCardViewUIModel.swift */ = {isa = PBXFileReference; lastKnownFileType = sourcecode.swift; path = CategoryCardViewUIModel.swift; sourceTree = "<group>"; };
		26AF320526C1BED600EDA357 /* Constants.swift */ = {isa = PBXFileReference; lastKnownFileType = sourcecode.swift; path = Constants.swift; sourceTree = "<group>"; };
		26AF320A26C1BF8D00EDA357 /* Poppins-Bold.ttf */ = {isa = PBXFileReference; lastKnownFileType = file; path = "Poppins-Bold.ttf"; sourceTree = "<group>"; };
		26AF320B26C1BF8D00EDA357 /* Poppins-Regular.ttf */ = {isa = PBXFileReference; lastKnownFileType = file; path = "Poppins-Regular.ttf"; sourceTree = "<group>"; };
		26AF320C26C1BF8D00EDA357 /* Poppins-SemiBold.ttf */ = {isa = PBXFileReference; lastKnownFileType = file; path = "Poppins-SemiBold.ttf"; sourceTree = "<group>"; };
		26AF320D26C1BF8D00EDA357 /* Poppins-Medium.ttf */ = {isa = PBXFileReference; lastKnownFileType = file; path = "Poppins-Medium.ttf"; sourceTree = "<group>"; };
		26AF321526C1C0B900EDA357 /* Colors.xcassets */ = {isa = PBXFileReference; lastKnownFileType = folder.assetcatalog; path = Colors.xcassets; sourceTree = "<group>"; };
		26AF321B26C1C21A00EDA357 /* UIColor+Extension.swift */ = {isa = PBXFileReference; lastKnownFileType = sourcecode.swift; path = "UIColor+Extension.swift"; sourceTree = "<group>"; };
		26AF322426C1D36800EDA357 /* RatingStarsView.swift */ = {isa = PBXFileReference; lastKnownFileType = sourcecode.swift; path = RatingStarsView.swift; sourceTree = "<group>"; };
		26AF322926C1D37900EDA357 /* RatingStarsViewUIModel.swift */ = {isa = PBXFileReference; lastKnownFileType = sourcecode.swift; path = RatingStarsViewUIModel.swift; sourceTree = "<group>"; };
		26AF322F26C2883900EDA357 /* ImageWithShadowView.swift */ = {isa = PBXFileReference; lastKnownFileType = sourcecode.swift; path = ImageWithShadowView.swift; sourceTree = "<group>"; };
		26AF323726C2885700EDA357 /* ImageWithShadowViewUIModel.swift */ = {isa = PBXFileReference; lastKnownFileType = sourcecode.swift; path = ImageWithShadowViewUIModel.swift; sourceTree = "<group>"; };
		26AF323D26C29D8200EDA357 /* VerticalInfoCardView.swift */ = {isa = PBXFileReference; lastKnownFileType = sourcecode.swift; path = VerticalInfoCardView.swift; sourceTree = "<group>"; };
		26AF324526C29D9F00EDA357 /* VerticalInfoCardViewUIModel.swift */ = {isa = PBXFileReference; lastKnownFileType = sourcecode.swift; path = VerticalInfoCardViewUIModel.swift; sourceTree = "<group>"; };
		26AF324B26C2CC6E00EDA357 /* PropertyView.swift */ = {isa = PBXFileReference; lastKnownFileType = sourcecode.swift; path = PropertyView.swift; sourceTree = "<group>"; };
		26AF325026C2CC8A00EDA357 /* PropertyViewUIModel.swift */ = {isa = PBXFileReference; lastKnownFileType = sourcecode.swift; path = PropertyViewUIModel.swift; sourceTree = "<group>"; };
		26AF325626C3001D00EDA357 /* SmallIconButton.swift */ = {isa = PBXFileReference; lastKnownFileType = sourcecode.swift; path = SmallIconButton.swift; sourceTree = "<group>"; };
		26AF325B26C3003000EDA357 /* SmallIconButtonUIModel.swift */ = {isa = PBXFileReference; lastKnownFileType = sourcecode.swift; path = SmallIconButtonUIModel.swift; sourceTree = "<group>"; };
		26AF326726C30C9B00EDA357 /* IncreaseDecreaseView.swift */ = {isa = PBXFileReference; lastKnownFileType = sourcecode.swift; path = IncreaseDecreaseView.swift; sourceTree = "<group>"; };
		26AF326F26C30CB500EDA357 /* IncreaseDecreaseViewUIModel.swift */ = {isa = PBXFileReference; lastKnownFileType = sourcecode.swift; path = IncreaseDecreaseViewUIModel.swift; sourceTree = "<group>"; };
		26AF327526C31BFC00EDA357 /* CustomButton.swift */ = {isa = PBXFileReference; lastKnownFileType = sourcecode.swift; path = CustomButton.swift; sourceTree = "<group>"; };
		26AF327B26C3C5EE00EDA357 /* HorizontalInfoCardView.swift */ = {isa = PBXFileReference; lastKnownFileType = sourcecode.swift; path = HorizontalInfoCardView.swift; sourceTree = "<group>"; };
		26AF328026C3C60F00EDA357 /* HorizontalInfoCardViewUIModel.swift */ = {isa = PBXFileReference; lastKnownFileType = sourcecode.swift; path = HorizontalInfoCardViewUIModel.swift; sourceTree = "<group>"; };
		26AF328626C3FAFA00EDA357 /* BasicTableRowView.swift */ = {isa = PBXFileReference; lastKnownFileType = sourcecode.swift; path = BasicTableRowView.swift; sourceTree = "<group>"; };
		26AF328E26C3FB1400EDA357 /* BasicTableRowViewUIModel.swift */ = {isa = PBXFileReference; lastKnownFileType = sourcecode.swift; path = BasicTableRowViewUIModel.swift; sourceTree = "<group>"; };
/* End PBXFileReference section */

/* Begin PBXFrameworksBuildPhase section */
		2657E41B26C0727D00C147CA /* Frameworks */ = {
			isa = PBXFrameworksBuildPhase;
			buildActionMask = 2147483647;
			files = (
				2657E48126C082B200C147CA /* FoodifyAPI in Frameworks */,
			);
			runOnlyForDeploymentPostprocessing = 0;
		};
		2657E43426C0728000C147CA /* Frameworks */ = {
			isa = PBXFrameworksBuildPhase;
			buildActionMask = 2147483647;
			files = (
			);
			runOnlyForDeploymentPostprocessing = 0;
		};
		2657E43F26C0728100C147CA /* Frameworks */ = {
			isa = PBXFrameworksBuildPhase;
			buildActionMask = 2147483647;
			files = (
			);
			runOnlyForDeploymentPostprocessing = 0;
		};
/* End PBXFrameworksBuildPhase section */

/* Begin PBXGroup section */
		2657E41526C0727D00C147CA = {
			isa = PBXGroup;
			children = (
				2657E42026C0727D00C147CA /* Foodify */,
				2657E43A26C0728000C147CA /* FoodifyTests */,
				2657E44526C0728100C147CA /* FoodifyUITests */,
				2657E41F26C0727D00C147CA /* Products */,
				2657E45726C07EBC00C147CA /* Frameworks */,
			);
			sourceTree = "<group>";
		};
		2657E41F26C0727D00C147CA /* Products */ = {
			isa = PBXGroup;
			children = (
				2657E41E26C0727D00C147CA /* Foodify.app */,
				2657E43726C0728000C147CA /* FoodifyTests.xctest */,
				2657E44226C0728100C147CA /* FoodifyUITests.xctest */,
			);
			name = Products;
			sourceTree = "<group>";
		};
		2657E42026C0727D00C147CA /* Foodify */ = {
			isa = PBXGroup;
			children = (
				26AF31DD26C197BD00EDA357 /* App */,
				26AF320426C1BEB500EDA357 /* Utilities */,
				26AF31DC26C197B600EDA357 /* Components */,
				26AF31E326C1980A00EDA357 /* Scenes */,
				26AF31DE26C197D600EDA357 /* Resources */,
				26AF31E226C197F900EDA357 /* Supporting Files */,
				2657E43226C0728000C147CA /* Info.plist */,
				2657E42A26C0727D00C147CA /* Foodify.xcdatamodeld */,
			);
			path = Foodify;
			sourceTree = "<group>";
		};
		2657E43A26C0728000C147CA /* FoodifyTests */ = {
			isa = PBXGroup;
			children = (
				2657E43B26C0728000C147CA /* FoodifyTests.swift */,
				2657E43D26C0728000C147CA /* Info.plist */,
			);
			path = FoodifyTests;
			sourceTree = "<group>";
		};
		2657E44526C0728100C147CA /* FoodifyUITests */ = {
			isa = PBXGroup;
			children = (
				2657E44626C0728100C147CA /* FoodifyUITests.swift */,
				2657E44826C0728100C147CA /* Info.plist */,
			);
			path = FoodifyUITests;
			sourceTree = "<group>";
		};
		2657E45726C07EBC00C147CA /* Frameworks */ = {
			isa = PBXGroup;
			children = (
			);
			name = Frameworks;
			sourceTree = "<group>";
		};
		26AF31DC26C197B600EDA357 /* Components */ = {
			isa = PBXGroup;
			children = (
				26AF328526C3FACD00EDA357 /* BasicTableRowView */,
				26AF327A26C3C5D700EDA357 /* HorizontalInfoCardView */,
				26AF327426C31BE100EDA357 /* CustomButton */,
				26AF326626C30C8E00EDA357 /* IncreaseDecreaseView */,
				26AF325526C3000E00EDA357 /* SmallIconButtonView */,
				26AF324A26C2CC2900EDA357 /* PropertyView */,
				26AF323C26C29CCA00EDA357 /* VerticalInfoCardView */,
				26AF322E26C2880A00EDA357 /* ImageWithShadowView */,
				26AF322326C1D32900EDA357 /* RatingStarsView */,
				26AF31F226C1B7C800EDA357 /* CategoryCardView */,
				26AF31E726C1993800EDA357 /* LabelWithImageView */,
			);
			path = Components;
			sourceTree = "<group>";
		};
		26AF31DD26C197BD00EDA357 /* App */ = {
			isa = PBXGroup;
			children = (
				2657E42126C0727D00C147CA /* AppDelegate.swift */,
				2657E42326C0727D00C147CA /* SceneDelegate.swift */,
			);
			path = App;
			sourceTree = "<group>";
		};
		26AF31DE26C197D600EDA357 /* Resources */ = {
			isa = PBXGroup;
			children = (
				26AF320026C1BD7200EDA357 /* Font */,
				2657E42D26C0728000C147CA /* Assets.xcassets */,
				26AF321526C1C0B900EDA357 /* Colors.xcassets */,
			);
			path = Resources;
			sourceTree = "<group>";
		};
		26AF31E226C197F900EDA357 /* Supporting Files */ = {
			isa = PBXGroup;
			children = (
				2657E42F26C0728000C147CA /* LaunchScreen.storyboard */,
			);
			path = "Supporting Files";
			sourceTree = "<group>";
		};
		26AF31E326C1980A00EDA357 /* Scenes */ = {
			isa = PBXGroup;
			children = (
				2657E42526C0727D00C147CA /* ViewController.swift */,
			);
			path = Scenes;
			sourceTree = "<group>";
		};
		26AF31E726C1993800EDA357 /* LabelWithImageView */ = {
			isa = PBXGroup;
			children = (
				26AF31E826C1995A00EDA357 /* LabelWithImageView.swift */,
				26AF31ED26C1996600EDA357 /* LabelWithImageUIModel.swift */,
			);
			path = LabelWithImageView;
			sourceTree = "<group>";
		};
		26AF31F226C1B7C800EDA357 /* CategoryCardView */ = {
			isa = PBXGroup;
			children = (
				26AF31F326C1B7D800EDA357 /* CategoryCardView.swift */,
				26AF31F826C1B7F000EDA357 /* CategoryCardViewUIModel.swift */,
			);
			path = CategoryCardView;
			sourceTree = "<group>";
		};
		26AF320026C1BD7200EDA357 /* Font */ = {
			isa = PBXGroup;
			children = (
				26AF320A26C1BF8D00EDA357 /* Poppins-Bold.ttf */,
				26AF320D26C1BF8D00EDA357 /* Poppins-Medium.ttf */,
				26AF320B26C1BF8D00EDA357 /* Poppins-Regular.ttf */,
				26AF320C26C1BF8D00EDA357 /* Poppins-SemiBold.ttf */,
			);
			path = Font;
			sourceTree = "<group>";
		};
		26AF320426C1BEB500EDA357 /* Utilities */ = {
			isa = PBXGroup;
			children = (
				26AF321A26C1C20700EDA357 /* Extensions */,
				26AF320526C1BED600EDA357 /* Constants.swift */,
			);
			path = Utilities;
			sourceTree = "<group>";
		};
		26AF321A26C1C20700EDA357 /* Extensions */ = {
			isa = PBXGroup;
			children = (
				26AF321B26C1C21A00EDA357 /* UIColor+Extension.swift */,
			);
			path = Extensions;
			sourceTree = "<group>";
		};
		26AF322326C1D32900EDA357 /* RatingStarsView */ = {
			isa = PBXGroup;
			children = (
				26AF322426C1D36800EDA357 /* RatingStarsView.swift */,
				26AF322926C1D37900EDA357 /* RatingStarsViewUIModel.swift */,
			);
			path = RatingStarsView;
			sourceTree = "<group>";
		};
		26AF322E26C2880A00EDA357 /* ImageWithShadowView */ = {
			isa = PBXGroup;
			children = (
				26AF322F26C2883900EDA357 /* ImageWithShadowView.swift */,
				26AF323726C2885700EDA357 /* ImageWithShadowViewUIModel.swift */,
			);
			path = ImageWithShadowView;
			sourceTree = "<group>";
		};
		26AF323C26C29CCA00EDA357 /* VerticalInfoCardView */ = {
			isa = PBXGroup;
			children = (
				26AF323D26C29D8200EDA357 /* VerticalInfoCardView.swift */,
				26AF324526C29D9F00EDA357 /* VerticalInfoCardViewUIModel.swift */,
			);
			path = VerticalInfoCardView;
			sourceTree = "<group>";
		};
		26AF324A26C2CC2900EDA357 /* PropertyView */ = {
			isa = PBXGroup;
			children = (
				26AF324B26C2CC6E00EDA357 /* PropertyView.swift */,
				26AF325026C2CC8A00EDA357 /* PropertyViewUIModel.swift */,
			);
			path = PropertyView;
			sourceTree = "<group>";
		};
		26AF325526C3000E00EDA357 /* SmallIconButtonView */ = {
			isa = PBXGroup;
			children = (
				26AF325626C3001D00EDA357 /* SmallIconButton.swift */,
				26AF325B26C3003000EDA357 /* SmallIconButtonUIModel.swift */,
			);
			path = SmallIconButtonView;
			sourceTree = "<group>";
		};
		26AF326626C30C8E00EDA357 /* IncreaseDecreaseView */ = {
			isa = PBXGroup;
			children = (
				26AF326726C30C9B00EDA357 /* IncreaseDecreaseView.swift */,
				26AF326F26C30CB500EDA357 /* IncreaseDecreaseViewUIModel.swift */,
			);
			path = IncreaseDecreaseView;
			sourceTree = "<group>";
		};
		26AF327426C31BE100EDA357 /* CustomButton */ = {
			isa = PBXGroup;
			children = (
				26AF327526C31BFC00EDA357 /* CustomButton.swift */,
			);
			path = CustomButton;
			sourceTree = "<group>";
		};
		26AF327A26C3C5D700EDA357 /* HorizontalInfoCardView */ = {
			isa = PBXGroup;
			children = (
				26AF327B26C3C5EE00EDA357 /* HorizontalInfoCardView.swift */,
				26AF328026C3C60F00EDA357 /* HorizontalInfoCardViewUIModel.swift */,
			);
			path = HorizontalInfoCardView;
			sourceTree = "<group>";
		};
		26AF328526C3FACD00EDA357 /* BasicTableRowView */ = {
			isa = PBXGroup;
			children = (
				26AF328626C3FAFA00EDA357 /* BasicTableRowView.swift */,
				26AF328E26C3FB1400EDA357 /* BasicTableRowViewUIModel.swift */,
			);
			path = BasicTableRowView;
			sourceTree = "<group>";
		};
/* End PBXGroup section */

/* Begin PBXNativeTarget section */
		2657E41D26C0727D00C147CA /* Foodify */ = {
			isa = PBXNativeTarget;
			buildConfigurationList = 2657E44B26C0728100C147CA /* Build configuration list for PBXNativeTarget "Foodify" */;
			buildPhases = (
				2657E41A26C0727D00C147CA /* Sources */,
				2657E41B26C0727D00C147CA /* Frameworks */,
				2657E41C26C0727D00C147CA /* Resources */,
			);
			buildRules = (
			);
			dependencies = (
			);
			name = Foodify;
			packageProductDependencies = (
				2657E48026C082B200C147CA /* FoodifyAPI */,
			);
			productName = Foodify;
			productReference = 2657E41E26C0727D00C147CA /* Foodify.app */;
			productType = "com.apple.product-type.application";
		};
		2657E43626C0728000C147CA /* FoodifyTests */ = {
			isa = PBXNativeTarget;
			buildConfigurationList = 2657E44E26C0728100C147CA /* Build configuration list for PBXNativeTarget "FoodifyTests" */;
			buildPhases = (
				2657E43326C0728000C147CA /* Sources */,
				2657E43426C0728000C147CA /* Frameworks */,
				2657E43526C0728000C147CA /* Resources */,
			);
			buildRules = (
			);
			dependencies = (
				2657E43926C0728000C147CA /* PBXTargetDependency */,
			);
			name = FoodifyTests;
			productName = FoodifyTests;
			productReference = 2657E43726C0728000C147CA /* FoodifyTests.xctest */;
			productType = "com.apple.product-type.bundle.unit-test";
		};
		2657E44126C0728100C147CA /* FoodifyUITests */ = {
			isa = PBXNativeTarget;
			buildConfigurationList = 2657E45126C0728100C147CA /* Build configuration list for PBXNativeTarget "FoodifyUITests" */;
			buildPhases = (
				2657E43E26C0728100C147CA /* Sources */,
				2657E43F26C0728100C147CA /* Frameworks */,
				2657E44026C0728100C147CA /* Resources */,
			);
			buildRules = (
			);
			dependencies = (
				2657E44426C0728100C147CA /* PBXTargetDependency */,
			);
			name = FoodifyUITests;
			productName = FoodifyUITests;
			productReference = 2657E44226C0728100C147CA /* FoodifyUITests.xctest */;
			productType = "com.apple.product-type.bundle.ui-testing";
		};
/* End PBXNativeTarget section */

/* Begin PBXProject section */
		2657E41626C0727D00C147CA /* Project object */ = {
			isa = PBXProject;
			attributes = {
				LastSwiftUpdateCheck = 1240;
				LastUpgradeCheck = 1240;
				TargetAttributes = {
					2657E41D26C0727D00C147CA = {
						CreatedOnToolsVersion = 12.4;
					};
					2657E43626C0728000C147CA = {
						CreatedOnToolsVersion = 12.4;
						TestTargetID = 2657E41D26C0727D00C147CA;
					};
					2657E44126C0728100C147CA = {
						CreatedOnToolsVersion = 12.4;
						TestTargetID = 2657E41D26C0727D00C147CA;
					};
				};
			};
			buildConfigurationList = 2657E41926C0727D00C147CA /* Build configuration list for PBXProject "Foodify" */;
			compatibilityVersion = "Xcode 9.3";
			developmentRegion = en;
			hasScannedForEncodings = 0;
			knownRegions = (
				en,
				Base,
			);
			mainGroup = 2657E41526C0727D00C147CA;
			productRefGroup = 2657E41F26C0727D00C147CA /* Products */;
			projectDirPath = "";
			projectRoot = "";
			targets = (
				2657E41D26C0727D00C147CA /* Foodify */,
				2657E43626C0728000C147CA /* FoodifyTests */,
				2657E44126C0728100C147CA /* FoodifyUITests */,
			);
		};
/* End PBXProject section */

/* Begin PBXResourcesBuildPhase section */
		2657E41C26C0727D00C147CA /* Resources */ = {
			isa = PBXResourcesBuildPhase;
			buildActionMask = 2147483647;
			files = (
				26AF321026C1BF8D00EDA357 /* Poppins-SemiBold.ttf in Resources */,
				2657E43126C0728000C147CA /* LaunchScreen.storyboard in Resources */,
				26AF320E26C1BF8D00EDA357 /* Poppins-Bold.ttf in Resources */,
				26AF321126C1BF8D00EDA357 /* Poppins-Medium.ttf in Resources */,
				2657E42E26C0728000C147CA /* Assets.xcassets in Resources */,
				26AF320F26C1BF8D00EDA357 /* Poppins-Regular.ttf in Resources */,
				26AF321626C1C0B900EDA357 /* Colors.xcassets in Resources */,
			);
			runOnlyForDeploymentPostprocessing = 0;
		};
		2657E43526C0728000C147CA /* Resources */ = {
			isa = PBXResourcesBuildPhase;
			buildActionMask = 2147483647;
			files = (
			);
			runOnlyForDeploymentPostprocessing = 0;
		};
		2657E44026C0728100C147CA /* Resources */ = {
			isa = PBXResourcesBuildPhase;
			buildActionMask = 2147483647;
			files = (
			);
			runOnlyForDeploymentPostprocessing = 0;
		};
/* End PBXResourcesBuildPhase section */

/* Begin PBXSourcesBuildPhase section */
		2657E41A26C0727D00C147CA /* Sources */ = {
			isa = PBXSourcesBuildPhase;
			buildActionMask = 2147483647;
			files = (
				2657E42C26C0727D00C147CA /* Foodify.xcdatamodeld in Sources */,
				26AF31F426C1B7D800EDA357 /* CategoryCardView.swift in Sources */,
				26AF327C26C3C5EE00EDA357 /* HorizontalInfoCardView.swift in Sources */,
				26AF324626C29D9F00EDA357 /* VerticalInfoCardViewUIModel.swift in Sources */,
				26AF325726C3001D00EDA357 /* SmallIconButton.swift in Sources */,
				26AF325126C2CC8A00EDA357 /* PropertyViewUIModel.swift in Sources */,
				26AF323826C2885700EDA357 /* ImageWithShadowViewUIModel.swift in Sources */,
				26AF325C26C3003000EDA357 /* SmallIconButtonUIModel.swift in Sources */,
				26AF323E26C29D8200EDA357 /* VerticalInfoCardView.swift in Sources */,
				26AF31E926C1995A00EDA357 /* LabelWithImageView.swift in Sources */,
				26AF31F926C1B7F000EDA357 /* CategoryCardViewUIModel.swift in Sources */,
				26AF328726C3FAFA00EDA357 /* BasicTableRowView.swift in Sources */,
				26AF328F26C3FB1400EDA357 /* BasicTableRowViewUIModel.swift in Sources */,
				2657E42626C0727D00C147CA /* ViewController.swift in Sources */,
				2657E42226C0727D00C147CA /* AppDelegate.swift in Sources */,
				26AF31EE26C1996600EDA357 /* LabelWithImageUIModel.swift in Sources */,
				26AF328126C3C60F00EDA357 /* HorizontalInfoCardViewUIModel.swift in Sources */,
				26AF322A26C1D37900EDA357 /* RatingStarsViewUIModel.swift in Sources */,
				26AF323026C2883900EDA357 /* ImageWithShadowView.swift in Sources */,
				2657E42426C0727D00C147CA /* SceneDelegate.swift in Sources */,
				26AF322526C1D36800EDA357 /* RatingStarsView.swift in Sources */,
				26AF327626C31BFC00EDA357 /* CustomButton.swift in Sources */,
				26AF324C26C2CC6E00EDA357 /* PropertyView.swift in Sources */,
				26AF326826C30C9B00EDA357 /* IncreaseDecreaseView.swift in Sources */,
				26AF320626C1BED600EDA357 /* Constants.swift in Sources */,
				26AF327026C30CB500EDA357 /* IncreaseDecreaseViewUIModel.swift in Sources */,
				26AF321C26C1C21A00EDA357 /* UIColor+Extension.swift in Sources */,
			);
			runOnlyForDeploymentPostprocessing = 0;
		};
		2657E43326C0728000C147CA /* Sources */ = {
			isa = PBXSourcesBuildPhase;
			buildActionMask = 2147483647;
			files = (
				2657E43C26C0728000C147CA /* FoodifyTests.swift in Sources */,
			);
			runOnlyForDeploymentPostprocessing = 0;
		};
		2657E43E26C0728100C147CA /* Sources */ = {
			isa = PBXSourcesBuildPhase;
			buildActionMask = 2147483647;
			files = (
				2657E44726C0728100C147CA /* FoodifyUITests.swift in Sources */,
			);
			runOnlyForDeploymentPostprocessing = 0;
		};
/* End PBXSourcesBuildPhase section */

/* Begin PBXTargetDependency section */
		2657E43926C0728000C147CA /* PBXTargetDependency */ = {
			isa = PBXTargetDependency;
			target = 2657E41D26C0727D00C147CA /* Foodify */;
			targetProxy = 2657E43826C0728000C147CA /* PBXContainerItemProxy */;
		};
		2657E44426C0728100C147CA /* PBXTargetDependency */ = {
			isa = PBXTargetDependency;
			target = 2657E41D26C0727D00C147CA /* Foodify */;
			targetProxy = 2657E44326C0728100C147CA /* PBXContainerItemProxy */;
		};
/* End PBXTargetDependency section */

/* Begin PBXVariantGroup section */
		2657E42F26C0728000C147CA /* LaunchScreen.storyboard */ = {
			isa = PBXVariantGroup;
			children = (
				2657E43026C0728000C147CA /* Base */,
			);
			name = LaunchScreen.storyboard;
			sourceTree = "<group>";
		};
/* End PBXVariantGroup section */

/* Begin XCBuildConfiguration section */
		2657E44926C0728100C147CA /* Debug */ = {
			isa = XCBuildConfiguration;
			buildSettings = {
				ALWAYS_SEARCH_USER_PATHS = NO;
				CLANG_ANALYZER_NONNULL = YES;
				CLANG_ANALYZER_NUMBER_OBJECT_CONVERSION = YES_AGGRESSIVE;
				CLANG_CXX_LANGUAGE_STANDARD = "gnu++14";
				CLANG_CXX_LIBRARY = "libc++";
				CLANG_ENABLE_MODULES = YES;
				CLANG_ENABLE_OBJC_ARC = YES;
				CLANG_ENABLE_OBJC_WEAK = YES;
				CLANG_WARN_BLOCK_CAPTURE_AUTORELEASING = YES;
				CLANG_WARN_BOOL_CONVERSION = YES;
				CLANG_WARN_COMMA = YES;
				CLANG_WARN_CONSTANT_CONVERSION = YES;
				CLANG_WARN_DEPRECATED_OBJC_IMPLEMENTATIONS = YES;
				CLANG_WARN_DIRECT_OBJC_ISA_USAGE = YES_ERROR;
				CLANG_WARN_DOCUMENTATION_COMMENTS = YES;
				CLANG_WARN_EMPTY_BODY = YES;
				CLANG_WARN_ENUM_CONVERSION = YES;
				CLANG_WARN_INFINITE_RECURSION = YES;
				CLANG_WARN_INT_CONVERSION = YES;
				CLANG_WARN_NON_LITERAL_NULL_CONVERSION = YES;
				CLANG_WARN_OBJC_IMPLICIT_RETAIN_SELF = YES;
				CLANG_WARN_OBJC_LITERAL_CONVERSION = YES;
				CLANG_WARN_OBJC_ROOT_CLASS = YES_ERROR;
				CLANG_WARN_QUOTED_INCLUDE_IN_FRAMEWORK_HEADER = YES;
				CLANG_WARN_RANGE_LOOP_ANALYSIS = YES;
				CLANG_WARN_STRICT_PROTOTYPES = YES;
				CLANG_WARN_SUSPICIOUS_MOVE = YES;
				CLANG_WARN_UNGUARDED_AVAILABILITY = YES_AGGRESSIVE;
				CLANG_WARN_UNREACHABLE_CODE = YES;
				CLANG_WARN__DUPLICATE_METHOD_MATCH = YES;
				COPY_PHASE_STRIP = NO;
				DEBUG_INFORMATION_FORMAT = dwarf;
				ENABLE_STRICT_OBJC_MSGSEND = YES;
				ENABLE_TESTABILITY = YES;
				GCC_C_LANGUAGE_STANDARD = gnu11;
				GCC_DYNAMIC_NO_PIC = NO;
				GCC_NO_COMMON_BLOCKS = YES;
				GCC_OPTIMIZATION_LEVEL = 0;
				GCC_PREPROCESSOR_DEFINITIONS = (
					"DEBUG=1",
					"$(inherited)",
				);
				GCC_WARN_64_TO_32_BIT_CONVERSION = YES;
				GCC_WARN_ABOUT_RETURN_TYPE = YES_ERROR;
				GCC_WARN_UNDECLARED_SELECTOR = YES;
				GCC_WARN_UNINITIALIZED_AUTOS = YES_AGGRESSIVE;
				GCC_WARN_UNUSED_FUNCTION = YES;
				GCC_WARN_UNUSED_VARIABLE = YES;
				IPHONEOS_DEPLOYMENT_TARGET = 14.4;
				MTL_ENABLE_DEBUG_INFO = INCLUDE_SOURCE;
				MTL_FAST_MATH = YES;
				ONLY_ACTIVE_ARCH = YES;
				SDKROOT = iphoneos;
				SWIFT_ACTIVE_COMPILATION_CONDITIONS = DEBUG;
				SWIFT_OPTIMIZATION_LEVEL = "-Onone";
			};
			name = Debug;
		};
		2657E44A26C0728100C147CA /* Release */ = {
			isa = XCBuildConfiguration;
			buildSettings = {
				ALWAYS_SEARCH_USER_PATHS = NO;
				CLANG_ANALYZER_NONNULL = YES;
				CLANG_ANALYZER_NUMBER_OBJECT_CONVERSION = YES_AGGRESSIVE;
				CLANG_CXX_LANGUAGE_STANDARD = "gnu++14";
				CLANG_CXX_LIBRARY = "libc++";
				CLANG_ENABLE_MODULES = YES;
				CLANG_ENABLE_OBJC_ARC = YES;
				CLANG_ENABLE_OBJC_WEAK = YES;
				CLANG_WARN_BLOCK_CAPTURE_AUTORELEASING = YES;
				CLANG_WARN_BOOL_CONVERSION = YES;
				CLANG_WARN_COMMA = YES;
				CLANG_WARN_CONSTANT_CONVERSION = YES;
				CLANG_WARN_DEPRECATED_OBJC_IMPLEMENTATIONS = YES;
				CLANG_WARN_DIRECT_OBJC_ISA_USAGE = YES_ERROR;
				CLANG_WARN_DOCUMENTATION_COMMENTS = YES;
				CLANG_WARN_EMPTY_BODY = YES;
				CLANG_WARN_ENUM_CONVERSION = YES;
				CLANG_WARN_INFINITE_RECURSION = YES;
				CLANG_WARN_INT_CONVERSION = YES;
				CLANG_WARN_NON_LITERAL_NULL_CONVERSION = YES;
				CLANG_WARN_OBJC_IMPLICIT_RETAIN_SELF = YES;
				CLANG_WARN_OBJC_LITERAL_CONVERSION = YES;
				CLANG_WARN_OBJC_ROOT_CLASS = YES_ERROR;
				CLANG_WARN_QUOTED_INCLUDE_IN_FRAMEWORK_HEADER = YES;
				CLANG_WARN_RANGE_LOOP_ANALYSIS = YES;
				CLANG_WARN_STRICT_PROTOTYPES = YES;
				CLANG_WARN_SUSPICIOUS_MOVE = YES;
				CLANG_WARN_UNGUARDED_AVAILABILITY = YES_AGGRESSIVE;
				CLANG_WARN_UNREACHABLE_CODE = YES;
				CLANG_WARN__DUPLICATE_METHOD_MATCH = YES;
				COPY_PHASE_STRIP = NO;
				DEBUG_INFORMATION_FORMAT = "dwarf-with-dsym";
				ENABLE_NS_ASSERTIONS = NO;
				ENABLE_STRICT_OBJC_MSGSEND = YES;
				GCC_C_LANGUAGE_STANDARD = gnu11;
				GCC_NO_COMMON_BLOCKS = YES;
				GCC_WARN_64_TO_32_BIT_CONVERSION = YES;
				GCC_WARN_ABOUT_RETURN_TYPE = YES_ERROR;
				GCC_WARN_UNDECLARED_SELECTOR = YES;
				GCC_WARN_UNINITIALIZED_AUTOS = YES_AGGRESSIVE;
				GCC_WARN_UNUSED_FUNCTION = YES;
				GCC_WARN_UNUSED_VARIABLE = YES;
				IPHONEOS_DEPLOYMENT_TARGET = 14.4;
				MTL_ENABLE_DEBUG_INFO = NO;
				MTL_FAST_MATH = YES;
				SDKROOT = iphoneos;
				SWIFT_COMPILATION_MODE = wholemodule;
				SWIFT_OPTIMIZATION_LEVEL = "-O";
				VALIDATE_PRODUCT = YES;
			};
			name = Release;
		};
		2657E44C26C0728100C147CA /* Debug */ = {
			isa = XCBuildConfiguration;
			buildSettings = {
				ASSETCATALOG_COMPILER_APPICON_NAME = AppIcon;
				ASSETCATALOG_COMPILER_GLOBAL_ACCENT_COLOR_NAME = AccentColor;
				CODE_SIGN_STYLE = Automatic;
				DEVELOPMENT_TEAM = DM229JN84M;
				INFOPLIST_FILE = Foodify/Info.plist;
				LD_RUNPATH_SEARCH_PATHS = (
					"$(inherited)",
					"@executable_path/Frameworks",
				);
				PRODUCT_BUNDLE_IDENTIFIER = com.samedbicer.Foodify;
				PRODUCT_NAME = "$(TARGET_NAME)";
				SWIFT_VERSION = 5.0;
				TARGETED_DEVICE_FAMILY = "1,2";
			};
			name = Debug;
		};
		2657E44D26C0728100C147CA /* Release */ = {
			isa = XCBuildConfiguration;
			buildSettings = {
				ASSETCATALOG_COMPILER_APPICON_NAME = AppIcon;
				ASSETCATALOG_COMPILER_GLOBAL_ACCENT_COLOR_NAME = AccentColor;
				CODE_SIGN_STYLE = Automatic;
				DEVELOPMENT_TEAM = DM229JN84M;
				INFOPLIST_FILE = Foodify/Info.plist;
				LD_RUNPATH_SEARCH_PATHS = (
					"$(inherited)",
					"@executable_path/Frameworks",
				);
				PRODUCT_BUNDLE_IDENTIFIER = com.samedbicer.Foodify;
				PRODUCT_NAME = "$(TARGET_NAME)";
				SWIFT_VERSION = 5.0;
				TARGETED_DEVICE_FAMILY = "1,2";
			};
			name = Release;
		};
		2657E44F26C0728100C147CA /* Debug */ = {
			isa = XCBuildConfiguration;
			buildSettings = {
				ALWAYS_EMBED_SWIFT_STANDARD_LIBRARIES = YES;
				BUNDLE_LOADER = "$(TEST_HOST)";
				CODE_SIGN_STYLE = Automatic;
				DEVELOPMENT_TEAM = DM229JN84M;
				INFOPLIST_FILE = FoodifyTests/Info.plist;
				IPHONEOS_DEPLOYMENT_TARGET = 14.4;
				LD_RUNPATH_SEARCH_PATHS = (
					"$(inherited)",
					"@executable_path/Frameworks",
					"@loader_path/Frameworks",
				);
				PRODUCT_BUNDLE_IDENTIFIER = com.samedbicer.FoodifyTests;
				PRODUCT_NAME = "$(TARGET_NAME)";
				SWIFT_VERSION = 5.0;
				TARGETED_DEVICE_FAMILY = "1,2";
				TEST_HOST = "$(BUILT_PRODUCTS_DIR)/Foodify.app/Foodify";
			};
			name = Debug;
		};
		2657E45026C0728100C147CA /* Release */ = {
			isa = XCBuildConfiguration;
			buildSettings = {
				ALWAYS_EMBED_SWIFT_STANDARD_LIBRARIES = YES;
				BUNDLE_LOADER = "$(TEST_HOST)";
				CODE_SIGN_STYLE = Automatic;
				DEVELOPMENT_TEAM = DM229JN84M;
				INFOPLIST_FILE = FoodifyTests/Info.plist;
				IPHONEOS_DEPLOYMENT_TARGET = 14.4;
				LD_RUNPATH_SEARCH_PATHS = (
					"$(inherited)",
					"@executable_path/Frameworks",
					"@loader_path/Frameworks",
				);
				PRODUCT_BUNDLE_IDENTIFIER = com.samedbicer.FoodifyTests;
				PRODUCT_NAME = "$(TARGET_NAME)";
				SWIFT_VERSION = 5.0;
				TARGETED_DEVICE_FAMILY = "1,2";
				TEST_HOST = "$(BUILT_PRODUCTS_DIR)/Foodify.app/Foodify";
			};
			name = Release;
		};
		2657E45226C0728100C147CA /* Debug */ = {
			isa = XCBuildConfiguration;
			buildSettings = {
				ALWAYS_EMBED_SWIFT_STANDARD_LIBRARIES = YES;
				CODE_SIGN_STYLE = Automatic;
				DEVELOPMENT_TEAM = DM229JN84M;
				INFOPLIST_FILE = FoodifyUITests/Info.plist;
				LD_RUNPATH_SEARCH_PATHS = (
					"$(inherited)",
					"@executable_path/Frameworks",
					"@loader_path/Frameworks",
				);
				PRODUCT_BUNDLE_IDENTIFIER = com.samedbicer.FoodifyUITests;
				PRODUCT_NAME = "$(TARGET_NAME)";
				SWIFT_VERSION = 5.0;
				TARGETED_DEVICE_FAMILY = "1,2";
				TEST_TARGET_NAME = Foodify;
			};
			name = Debug;
		};
		2657E45326C0728100C147CA /* Release */ = {
			isa = XCBuildConfiguration;
			buildSettings = {
				ALWAYS_EMBED_SWIFT_STANDARD_LIBRARIES = YES;
				CODE_SIGN_STYLE = Automatic;
				DEVELOPMENT_TEAM = DM229JN84M;
				INFOPLIST_FILE = FoodifyUITests/Info.plist;
				LD_RUNPATH_SEARCH_PATHS = (
					"$(inherited)",
					"@executable_path/Frameworks",
					"@loader_path/Frameworks",
				);
				PRODUCT_BUNDLE_IDENTIFIER = com.samedbicer.FoodifyUITests;
				PRODUCT_NAME = "$(TARGET_NAME)";
				SWIFT_VERSION = 5.0;
				TARGETED_DEVICE_FAMILY = "1,2";
				TEST_TARGET_NAME = Foodify;
			};
			name = Release;
		};
/* End XCBuildConfiguration section */

/* Begin XCConfigurationList section */
		2657E41926C0727D00C147CA /* Build configuration list for PBXProject "Foodify" */ = {
			isa = XCConfigurationList;
			buildConfigurations = (
				2657E44926C0728100C147CA /* Debug */,
				2657E44A26C0728100C147CA /* Release */,
			);
			defaultConfigurationIsVisible = 0;
			defaultConfigurationName = Release;
		};
		2657E44B26C0728100C147CA /* Build configuration list for PBXNativeTarget "Foodify" */ = {
			isa = XCConfigurationList;
			buildConfigurations = (
				2657E44C26C0728100C147CA /* Debug */,
				2657E44D26C0728100C147CA /* Release */,
			);
			defaultConfigurationIsVisible = 0;
			defaultConfigurationName = Release;
		};
		2657E44E26C0728100C147CA /* Build configuration list for PBXNativeTarget "FoodifyTests" */ = {
			isa = XCConfigurationList;
			buildConfigurations = (
				2657E44F26C0728100C147CA /* Debug */,
				2657E45026C0728100C147CA /* Release */,
			);
			defaultConfigurationIsVisible = 0;
			defaultConfigurationName = Release;
		};
		2657E45126C0728100C147CA /* Build configuration list for PBXNativeTarget "FoodifyUITests" */ = {
			isa = XCConfigurationList;
			buildConfigurations = (
				2657E45226C0728100C147CA /* Debug */,
				2657E45326C0728100C147CA /* Release */,
			);
			defaultConfigurationIsVisible = 0;
			defaultConfigurationName = Release;
		};
/* End XCConfigurationList section */

/* Begin XCSwiftPackageProductDependency section */
		2657E48026C082B200C147CA /* FoodifyAPI */ = {
			isa = XCSwiftPackageProductDependency;
			productName = FoodifyAPI;
		};
/* End XCSwiftPackageProductDependency section */

/* Begin XCVersionGroup section */
		2657E42A26C0727D00C147CA /* Foodify.xcdatamodeld */ = {
			isa = XCVersionGroup;
			children = (
				2657E42B26C0727D00C147CA /* Foodify.xcdatamodel */,
			);
			currentVersion = 2657E42B26C0727D00C147CA /* Foodify.xcdatamodel */;
			path = Foodify.xcdatamodeld;
			sourceTree = "<group>";
			versionGroupType = wrapper.xcdatamodel;
		};
/* End XCVersionGroup section */
	};
	rootObject = 2657E41626C0727D00C147CA /* Project object */;
}
