// !$*UTF8*$!
{
	archiveVersion = 1;
	classes = {
	};
	objectVersion = 50;
	objects = {

/* Begin PBXBuildFile section */
		26861C52268FB580007E5138 /* Double+Extensions.swift in Sources */ = {isa = PBXBuildFile; fileRef = 26861C51268FB580007E5138 /* Double+Extensions.swift */; };
		26F29961268C770800F05C63 /* Bottle.swift in Sources */ = {isa = PBXBuildFile; fileRef = 26F29960268C770800F05C63 /* Bottle.swift */; };
		26F29964268CA4E300F05C63 /* Player.swift in Sources */ = {isa = PBXBuildFile; fileRef = 26F29963268CA4E300F05C63 /* Player.swift */; };
		26F29967268CA62500F05C63 /* Game.swift in Sources */ = {isa = PBXBuildFile; fileRef = 26F29966268CA62500F05C63 /* Game.swift */; };
		26F2996A268F45EE00F05C63 /* ConfigureVC.swift in Sources */ = {isa = PBXBuildFile; fileRef = 26F29969268F45EE00F05C63 /* ConfigureVC.swift */; };
		26FF886D268B6B2400B3C41D /* AppDelegate.swift in Sources */ = {isa = PBXBuildFile; fileRef = 26FF886C268B6B2400B3C41D /* AppDelegate.swift */; };
		26FF886F268B6B2400B3C41D /* SceneDelegate.swift in Sources */ = {isa = PBXBuildFile; fileRef = 26FF886E268B6B2400B3C41D /* SceneDelegate.swift */; };
		26FF8871268B6B2400B3C41D /* ViewController.swift in Sources */ = {isa = PBXBuildFile; fileRef = 26FF8870268B6B2400B3C41D /* ViewController.swift */; };
		26FF8874268B6B2400B3C41D /* Main.storyboard in Resources */ = {isa = PBXBuildFile; fileRef = 26FF8872268B6B2400B3C41D /* Main.storyboard */; };
		26FF8876268B6B2600B3C41D /* Assets.xcassets in Resources */ = {isa = PBXBuildFile; fileRef = 26FF8875268B6B2600B3C41D /* Assets.xcassets */; };
		26FF8879268B6B2600B3C41D /* LaunchScreen.storyboard in Resources */ = {isa = PBXBuildFile; fileRef = 26FF8877268B6B2600B3C41D /* LaunchScreen.storyboard */; };
		26FF8882268B705300B3C41D /* Cannon.swift in Sources */ = {isa = PBXBuildFile; fileRef = 26FF8881268B705300B3C41D /* Cannon.swift */; };
/* End PBXBuildFile section */

/* Begin PBXFileReference section */
		26861C51268FB580007E5138 /* Double+Extensions.swift */ = {isa = PBXFileReference; lastKnownFileType = sourcecode.swift; path = "Double+Extensions.swift"; sourceTree = "<group>"; };
		26861C57268FBC3F007E5138 /* README.md */ = {isa = PBXFileReference; lastKnownFileType = net.daringfireball.markdown; path = README.md; sourceTree = "<group>"; };
		26F29960268C770800F05C63 /* Bottle.swift */ = {isa = PBXFileReference; lastKnownFileType = sourcecode.swift; path = Bottle.swift; sourceTree = "<group>"; };
		26F29963268CA4E300F05C63 /* Player.swift */ = {isa = PBXFileReference; lastKnownFileType = sourcecode.swift; path = Player.swift; sourceTree = "<group>"; };
		26F29966268CA62500F05C63 /* Game.swift */ = {isa = PBXFileReference; lastKnownFileType = sourcecode.swift; path = Game.swift; sourceTree = "<group>"; };
		26F29969268F45EE00F05C63 /* ConfigureVC.swift */ = {isa = PBXFileReference; lastKnownFileType = sourcecode.swift; path = ConfigureVC.swift; sourceTree = "<group>"; };
		26FF8869268B6B2400B3C41D /* ShootGame.app */ = {isa = PBXFileReference; explicitFileType = wrapper.application; includeInIndex = 0; path = ShootGame.app; sourceTree = BUILT_PRODUCTS_DIR; };
		26FF886C268B6B2400B3C41D /* AppDelegate.swift */ = {isa = PBXFileReference; lastKnownFileType = sourcecode.swift; path = AppDelegate.swift; sourceTree = "<group>"; };
		26FF886E268B6B2400B3C41D /* SceneDelegate.swift */ = {isa = PBXFileReference; lastKnownFileType = sourcecode.swift; path = SceneDelegate.swift; sourceTree = "<group>"; };
		26FF8870268B6B2400B3C41D /* ViewController.swift */ = {isa = PBXFileReference; lastKnownFileType = sourcecode.swift; path = ViewController.swift; sourceTree = "<group>"; };
		26FF8873268B6B2400B3C41D /* Base */ = {isa = PBXFileReference; lastKnownFileType = file.storyboard; name = Base; path = Base.lproj/Main.storyboard; sourceTree = "<group>"; };
		26FF8875268B6B2600B3C41D /* Assets.xcassets */ = {isa = PBXFileReference; lastKnownFileType = folder.assetcatalog; path = Assets.xcassets; sourceTree = "<group>"; };
		26FF8878268B6B2600B3C41D /* Base */ = {isa = PBXFileReference; lastKnownFileType = file.storyboard; name = Base; path = Base.lproj/LaunchScreen.storyboard; sourceTree = "<group>"; };
		26FF887A268B6B2600B3C41D /* Info.plist */ = {isa = PBXFileReference; lastKnownFileType = text.plist.xml; path = Info.plist; sourceTree = "<group>"; };
		26FF8881268B705300B3C41D /* Cannon.swift */ = {isa = PBXFileReference; lastKnownFileType = sourcecode.swift; path = Cannon.swift; sourceTree = "<group>"; };
/* End PBXFileReference section */

/* Begin PBXFrameworksBuildPhase section */
		26FF8866268B6B2400B3C41D /* Frameworks */ = {
			isa = PBXFrameworksBuildPhase;
			buildActionMask = 2147483647;
			files = (
			);
			runOnlyForDeploymentPostprocessing = 0;
		};
/* End PBXFrameworksBuildPhase section */

/* Begin PBXGroup section */
		26861C54268FB60B007E5138 /* Extensions */ = {
			isa = PBXGroup;
			children = (
				26861C51268FB580007E5138 /* Double+Extensions.swift */,
			);
			path = Extensions;
			sourceTree = "<group>";
		};
		26F2996E268F9AEC00F05C63 /* Controllers */ = {
			isa = PBXGroup;
			children = (
				26FF8870268B6B2400B3C41D /* ViewController.swift */,
				26F29969268F45EE00F05C63 /* ConfigureVC.swift */,
			);
			path = Controllers;
			sourceTree = "<group>";
		};
		26F2996F268F9AF400F05C63 /* Models */ = {
			isa = PBXGroup;
			children = (
				26F29966268CA62500F05C63 /* Game.swift */,
				26F29963268CA4E300F05C63 /* Player.swift */,
				26FF8881268B705300B3C41D /* Cannon.swift */,
				26F29960268C770800F05C63 /* Bottle.swift */,
			);
			path = Models;
			sourceTree = "<group>";
		};
		26F29970268F9B1D00F05C63 /* Supporting Files */ = {
			isa = PBXGroup;
			children = (
				26FF886C268B6B2400B3C41D /* AppDelegate.swift */,
				26FF886E268B6B2400B3C41D /* SceneDelegate.swift */,
				26FF8877268B6B2600B3C41D /* LaunchScreen.storyboard */,
			);
			path = "Supporting Files";
			sourceTree = "<group>";
		};
		26FF8860268B6B2400B3C41D = {
			isa = PBXGroup;
			children = (
				26861C57268FBC3F007E5138 /* README.md */,
				26FF886B268B6B2400B3C41D /* ShootGame */,
				26FF886A268B6B2400B3C41D /* Products */,
			);
			sourceTree = "<group>";
		};
		26FF886A268B6B2400B3C41D /* Products */ = {
			isa = PBXGroup;
			children = (
				26FF8869268B6B2400B3C41D /* ShootGame.app */,
			);
			name = Products;
			sourceTree = "<group>";
		};
		26FF886B268B6B2400B3C41D /* ShootGame */ = {
			isa = PBXGroup;
			children = (
				26F2996E268F9AEC00F05C63 /* Controllers */,
				26F2996F268F9AF400F05C63 /* Models */,
				26861C54268FB60B007E5138 /* Extensions */,
				26F29970268F9B1D00F05C63 /* Supporting Files */,
				26FF8872268B6B2400B3C41D /* Main.storyboard */,
				26FF8875268B6B2600B3C41D /* Assets.xcassets */,
				26FF887A268B6B2600B3C41D /* Info.plist */,
			);
			path = ShootGame;
			sourceTree = "<group>";
		};
/* End PBXGroup section */

/* Begin PBXNativeTarget section */
		26FF8868268B6B2400B3C41D /* ShootGame */ = {
			isa = PBXNativeTarget;
			buildConfigurationList = 26FF887D268B6B2600B3C41D /* Build configuration list for PBXNativeTarget "ShootGame" */;
			buildPhases = (
				26FF8865268B6B2400B3C41D /* Sources */,
				26FF8866268B6B2400B3C41D /* Frameworks */,
				26FF8867268B6B2400B3C41D /* Resources */,
			);
			buildRules = (
			);
			dependencies = (
			);
			name = ShootGame;
			productName = ShootGame;
			productReference = 26FF8869268B6B2400B3C41D /* ShootGame.app */;
			productType = "com.apple.product-type.application";
		};
/* End PBXNativeTarget section */

/* Begin PBXProject section */
		26FF8861268B6B2400B3C41D /* Project object */ = {
			isa = PBXProject;
			attributes = {
				LastSwiftUpdateCheck = 1240;
				LastUpgradeCheck = 1240;
				TargetAttributes = {
					26FF8868268B6B2400B3C41D = {
						CreatedOnToolsVersion = 12.4;
					};
				};
			};
			buildConfigurationList = 26FF8864268B6B2400B3C41D /* Build configuration list for PBXProject "ShootGame" */;
			compatibilityVersion = "Xcode 9.3";
			developmentRegion = en;
			hasScannedForEncodings = 0;
			knownRegions = (
				en,
				Base,
			);
			mainGroup = 26FF8860268B6B2400B3C41D;
			productRefGroup = 26FF886A268B6B2400B3C41D /* Products */;
			projectDirPath = "";
			projectRoot = "";
			targets = (
				26FF8868268B6B2400B3C41D /* ShootGame */,
			);
		};
/* End PBXProject section */

/* Begin PBXResourcesBuildPhase section */
		26FF8867268B6B2400B3C41D /* Resources */ = {
			isa = PBXResourcesBuildPhase;
			buildActionMask = 2147483647;
			files = (
				26FF8879268B6B2600B3C41D /* LaunchScreen.storyboard in Resources */,
				26FF8876268B6B2600B3C41D /* Assets.xcassets in Resources */,
				26FF8874268B6B2400B3C41D /* Main.storyboard in Resources */,
			);
			runOnlyForDeploymentPostprocessing = 0;
		};
/* End PBXResourcesBuildPhase section */

/* Begin PBXSourcesBuildPhase section */
		26FF8865268B6B2400B3C41D /* Sources */ = {
			isa = PBXSourcesBuildPhase;
			buildActionMask = 2147483647;
			files = (
				26FF8882268B705300B3C41D /* Cannon.swift in Sources */,
				26FF8871268B6B2400B3C41D /* ViewController.swift in Sources */,
				26F29967268CA62500F05C63 /* Game.swift in Sources */,
				26861C52268FB580007E5138 /* Double+Extensions.swift in Sources */,
				26FF886D268B6B2400B3C41D /* AppDelegate.swift in Sources */,
				26F29961268C770800F05C63 /* Bottle.swift in Sources */,
				26F29964268CA4E300F05C63 /* Player.swift in Sources */,
				26FF886F268B6B2400B3C41D /* SceneDelegate.swift in Sources */,
				26F2996A268F45EE00F05C63 /* ConfigureVC.swift in Sources */,
			);
			runOnlyForDeploymentPostprocessing = 0;
		};
/* End PBXSourcesBuildPhase section */

/* Begin PBXVariantGroup section */
		26FF8872268B6B2400B3C41D /* Main.storyboard */ = {
			isa = PBXVariantGroup;
			children = (
				26FF8873268B6B2400B3C41D /* Base */,
			);
			name = Main.storyboard;
			sourceTree = "<group>";
		};
		26FF8877268B6B2600B3C41D /* LaunchScreen.storyboard */ = {
			isa = PBXVariantGroup;
			children = (
				26FF8878268B6B2600B3C41D /* Base */,
			);
			name = LaunchScreen.storyboard;
			sourceTree = "<group>";
		};
/* End PBXVariantGroup section */

/* Begin XCBuildConfiguration section */
		26FF887B268B6B2600B3C41D /* Debug */ = {
			isa = XCBuildConfiguration;
			buildSettings = {
				ALWAYS_SEARCH_USER_PATHS = NO;
				CLANG_ANALYZER_NONNULL = YES;
				CLANG_ANALYZER_NUMBER_OBJECT_CONVERSION = YES_AGGRESSIVE;
				CLANG_CXX_LANGUAGE_STANDARD = "gnu++14";
				CLANG_CXX_LIBRARY = "libc++";
				CLANG_ENABLE_MODULES = YES;
				CLANG_ENABLE_OBJC_ARC = YES;
				CLANG_ENABLE_OBJC_WEAK = YES;
				CLANG_WARN_BLOCK_CAPTURE_AUTORELEASING = YES;
				CLANG_WARN_BOOL_CONVERSION = YES;
				CLANG_WARN_COMMA = YES;
				CLANG_WARN_CONSTANT_CONVERSION = YES;
				CLANG_WARN_DEPRECATED_OBJC_IMPLEMENTATIONS = YES;
				CLANG_WARN_DIRECT_OBJC_ISA_USAGE = YES_ERROR;
				CLANG_WARN_DOCUMENTATION_COMMENTS = YES;
				CLANG_WARN_EMPTY_BODY = YES;
				CLANG_WARN_ENUM_CONVERSION = YES;
				CLANG_WARN_INFINITE_RECURSION = YES;
				CLANG_WARN_INT_CONVERSION = YES;
				CLANG_WARN_NON_LITERAL_NULL_CONVERSION = YES;
				CLANG_WARN_OBJC_IMPLICIT_RETAIN_SELF = YES;
				CLANG_WARN_OBJC_LITERAL_CONVERSION = YES;
				CLANG_WARN_OBJC_ROOT_CLASS = YES_ERROR;
				CLANG_WARN_QUOTED_INCLUDE_IN_FRAMEWORK_HEADER = YES;
				CLANG_WARN_RANGE_LOOP_ANALYSIS = YES;
				CLANG_WARN_STRICT_PROTOTYPES = YES;
				CLANG_WARN_SUSPICIOUS_MOVE = YES;
				CLANG_WARN_UNGUARDED_AVAILABILITY = YES_AGGRESSIVE;
				CLANG_WARN_UNREACHABLE_CODE = YES;
				CLANG_WARN__DUPLICATE_METHOD_MATCH = YES;
				COPY_PHASE_STRIP = NO;
				DEBUG_INFORMATION_FORMAT = dwarf;
				ENABLE_STRICT_OBJC_MSGSEND = YES;
				ENABLE_TESTABILITY = YES;
				GCC_C_LANGUAGE_STANDARD = gnu11;
				GCC_DYNAMIC_NO_PIC = NO;
				GCC_NO_COMMON_BLOCKS = YES;
				GCC_OPTIMIZATION_LEVEL = 0;
				GCC_PREPROCESSOR_DEFINITIONS = (
					"DEBUG=1",
					"$(inherited)",
				);
				GCC_WARN_64_TO_32_BIT_CONVERSION = YES;
				GCC_WARN_ABOUT_RETURN_TYPE = YES_ERROR;
				GCC_WARN_UNDECLARED_SELECTOR = YES;
				GCC_WARN_UNINITIALIZED_AUTOS = YES_AGGRESSIVE;
				GCC_WARN_UNUSED_FUNCTION = YES;
				GCC_WARN_UNUSED_VARIABLE = YES;
				IPHONEOS_DEPLOYMENT_TARGET = 14.4;
				MTL_ENABLE_DEBUG_INFO = INCLUDE_SOURCE;
				MTL_FAST_MATH = YES;
				ONLY_ACTIVE_ARCH = YES;
				SDKROOT = iphoneos;
				SWIFT_ACTIVE_COMPILATION_CONDITIONS = DEBUG;
				SWIFT_OPTIMIZATION_LEVEL = "-Onone";
			};
			name = Debug;
		};
		26FF887C268B6B2600B3C41D /* Release */ = {
			isa = XCBuildConfiguration;
			buildSettings = {
				ALWAYS_SEARCH_USER_PATHS = NO;
				CLANG_ANALYZER_NONNULL = YES;
				CLANG_ANALYZER_NUMBER_OBJECT_CONVERSION = YES_AGGRESSIVE;
				CLANG_CXX_LANGUAGE_STANDARD = "gnu++14";
				CLANG_CXX_LIBRARY = "libc++";
				CLANG_ENABLE_MODULES = YES;
				CLANG_ENABLE_OBJC_ARC = YES;
				CLANG_ENABLE_OBJC_WEAK = YES;
				CLANG_WARN_BLOCK_CAPTURE_AUTORELEASING = YES;
				CLANG_WARN_BOOL_CONVERSION = YES;
				CLANG_WARN_COMMA = YES;
				CLANG_WARN_CONSTANT_CONVERSION = YES;
				CLANG_WARN_DEPRECATED_OBJC_IMPLEMENTATIONS = YES;
				CLANG_WARN_DIRECT_OBJC_ISA_USAGE = YES_ERROR;
				CLANG_WARN_DOCUMENTATION_COMMENTS = YES;
				CLANG_WARN_EMPTY_BODY = YES;
				CLANG_WARN_ENUM_CONVERSION = YES;
				CLANG_WARN_INFINITE_RECURSION = YES;
				CLANG_WARN_INT_CONVERSION = YES;
				CLANG_WARN_NON_LITERAL_NULL_CONVERSION = YES;
				CLANG_WARN_OBJC_IMPLICIT_RETAIN_SELF = YES;
				CLANG_WARN_OBJC_LITERAL_CONVERSION = YES;
				CLANG_WARN_OBJC_ROOT_CLASS = YES_ERROR;
				CLANG_WARN_QUOTED_INCLUDE_IN_FRAMEWORK_HEADER = YES;
				CLANG_WARN_RANGE_LOOP_ANALYSIS = YES;
				CLANG_WARN_STRICT_PROTOTYPES = YES;
				CLANG_WARN_SUSPICIOUS_MOVE = YES;
				CLANG_WARN_UNGUARDED_AVAILABILITY = YES_AGGRESSIVE;
				CLANG_WARN_UNREACHABLE_CODE = YES;
				CLANG_WARN__DUPLICATE_METHOD_MATCH = YES;
				COPY_PHASE_STRIP = NO;
				DEBUG_INFORMATION_FORMAT = "dwarf-with-dsym";
				ENABLE_NS_ASSERTIONS = NO;
				ENABLE_STRICT_OBJC_MSGSEND = YES;
				GCC_C_LANGUAGE_STANDARD = gnu11;
				GCC_NO_COMMON_BLOCKS = YES;
				GCC_WARN_64_TO_32_BIT_CONVERSION = YES;
				GCC_WARN_ABOUT_RETURN_TYPE = YES_ERROR;
				GCC_WARN_UNDECLARED_SELECTOR = YES;
				GCC_WARN_UNINITIALIZED_AUTOS = YES_AGGRESSIVE;
				GCC_WARN_UNUSED_FUNCTION = YES;
				GCC_WARN_UNUSED_VARIABLE = YES;
				IPHONEOS_DEPLOYMENT_TARGET = 14.4;
				MTL_ENABLE_DEBUG_INFO = NO;
				MTL_FAST_MATH = YES;
				SDKROOT = iphoneos;
				SWIFT_COMPILATION_MODE = wholemodule;
				SWIFT_OPTIMIZATION_LEVEL = "-O";
				VALIDATE_PRODUCT = YES;
			};
			name = Release;
		};
		26FF887E268B6B2600B3C41D /* Debug */ = {
			isa = XCBuildConfiguration;
			buildSettings = {
				ASSETCATALOG_COMPILER_APPICON_NAME = AppIcon;
				ASSETCATALOG_COMPILER_GLOBAL_ACCENT_COLOR_NAME = AccentColor;
				CODE_SIGN_STYLE = Automatic;
				DEVELOPMENT_TEAM = DM229JN84M;
				INFOPLIST_FILE = ShootGame/Info.plist;
				LD_RUNPATH_SEARCH_PATHS = (
					"$(inherited)",
					"@executable_path/Frameworks",
				);
				PRODUCT_BUNDLE_IDENTIFIER = com.samedbicer.ShootGame;
				PRODUCT_NAME = "$(TARGET_NAME)";
				SWIFT_VERSION = 5.0;
				TARGETED_DEVICE_FAMILY = "1,2";
			};
			name = Debug;
		};
		26FF887F268B6B2600B3C41D /* Release */ = {
			isa = XCBuildConfiguration;
			buildSettings = {
				ASSETCATALOG_COMPILER_APPICON_NAME = AppIcon;
				ASSETCATALOG_COMPILER_GLOBAL_ACCENT_COLOR_NAME = AccentColor;
				CODE_SIGN_STYLE = Automatic;
				DEVELOPMENT_TEAM = DM229JN84M;
				INFOPLIST_FILE = ShootGame/Info.plist;
				LD_RUNPATH_SEARCH_PATHS = (
					"$(inherited)",
					"@executable_path/Frameworks",
				);
				PRODUCT_BUNDLE_IDENTIFIER = com.samedbicer.ShootGame;
				PRODUCT_NAME = "$(TARGET_NAME)";
				SWIFT_VERSION = 5.0;
				TARGETED_DEVICE_FAMILY = "1,2";
			};
			name = Release;
		};
/* End XCBuildConfiguration section */

/* Begin XCConfigurationList section */
		26FF8864268B6B2400B3C41D /* Build configuration list for PBXProject "ShootGame" */ = {
			isa = XCConfigurationList;
			buildConfigurations = (
				26FF887B268B6B2600B3C41D /* Debug */,
				26FF887C268B6B2600B3C41D /* Release */,
			);
			defaultConfigurationIsVisible = 0;
			defaultConfigurationName = Release;
		};
		26FF887D268B6B2600B3C41D /* Build configuration list for PBXNativeTarget "ShootGame" */ = {
			isa = XCConfigurationList;
			buildConfigurations = (
				26FF887E268B6B2600B3C41D /* Debug */,
				26FF887F268B6B2600B3C41D /* Release */,
			);
			defaultConfigurationIsVisible = 0;
			defaultConfigurationName = Release;
		};
/* End XCConfigurationList section */
	};
	rootObject = 26FF8861268B6B2400B3C41D /* Project object */;
}
