// !$*UTF8*$!
{
	archiveVersion = 1;
	classes = {
	};
	objectVersion = 50;
	objects = {

/* Begin PBXBuildFile section */
		2650BFC2269457D400F09CCD /* AppDelegate.swift in Sources */ = {isa = PBXBuildFile; fileRef = 2650BFC1269457D400F09CCD /* AppDelegate.swift */; };
		2650BFC4269457D400F09CCD /* SceneDelegate.swift in Sources */ = {isa = PBXBuildFile; fileRef = 2650BFC3269457D400F09CCD /* SceneDelegate.swift */; };
		2650BFC6269457D400F09CCD /* ViewController.swift in Sources */ = {isa = PBXBuildFile; fileRef = 2650BFC5269457D400F09CCD /* ViewController.swift */; };
		2650BFC9269457D400F09CCD /* Main.storyboard in Resources */ = {isa = PBXBuildFile; fileRef = 2650BFC7269457D400F09CCD /* Main.storyboard */; };
		2650BFCB269457D700F09CCD /* Assets.xcassets in Resources */ = {isa = PBXBuildFile; fileRef = 2650BFCA269457D700F09CCD /* Assets.xcassets */; };
		2650BFCE269457D700F09CCD /* LaunchScreen.storyboard in Resources */ = {isa = PBXBuildFile; fileRef = 2650BFCC269457D700F09CCD /* LaunchScreen.storyboard */; };
		26A3F53226A0B85100428E34 /* NotificationSenderVC.swift in Sources */ = {isa = PBXBuildFile; fileRef = 26A3F53126A0B85100428E34 /* NotificationSenderVC.swift */; };
		26A3F53626A0B86F00428E34 /* NotificationListenerVC.swift in Sources */ = {isa = PBXBuildFile; fileRef = 26A3F53526A0B86F00428E34 /* NotificationListenerVC.swift */; };
		26A3F53A26A0B88F00428E34 /* NotificationExtension.swift in Sources */ = {isa = PBXBuildFile; fileRef = 26A3F53926A0B88F00428E34 /* NotificationExtension.swift */; };
		26CB844826990D4E007E1021 /* CookTableViewCell.swift in Sources */ = {isa = PBXBuildFile; fileRef = 26CB844726990D4E007E1021 /* CookTableViewCell.swift */; };
		26CC7A442695B2AF005F214E /* SearchViewController.swift in Sources */ = {isa = PBXBuildFile; fileRef = 26CC7A432695B2AF005F214E /* SearchViewController.swift */; };
		26CC7A482695CFB6005F214E /* PageViewController.swift in Sources */ = {isa = PBXBuildFile; fileRef = 26CC7A472695CFB6005F214E /* PageViewController.swift */; };
		26CC7A4C2695DF8D005F214E /* FirstPageVC.swift in Sources */ = {isa = PBXBuildFile; fileRef = 26CC7A4B2695DF8D005F214E /* FirstPageVC.swift */; };
		26CC7A4F2695E0C7005F214E /* SecondPageVC.swift in Sources */ = {isa = PBXBuildFile; fileRef = 26CC7A4E2695E0C7005F214E /* SecondPageVC.swift */; };
		26CC7A542695E103005F214E /* ThirdPageVC.swift in Sources */ = {isa = PBXBuildFile; fileRef = 26CC7A532695E103005F214E /* ThirdPageVC.swift */; };
		26CC7A5926979F92005F214E /* MapViewController.swift in Sources */ = {isa = PBXBuildFile; fileRef = 26CC7A5826979F92005F214E /* MapViewController.swift */; };
		26CC7A5F2698DB0D005F214E /* Week-3.xcdatamodeld in Sources */ = {isa = PBXBuildFile; fileRef = 26CC7A5D2698DB0D005F214E /* Week-3.xcdatamodeld */; };
		26CC7A642698DE5D005F214E /* CookCreateViewController.swift in Sources */ = {isa = PBXBuildFile; fileRef = 26CC7A632698DE5D005F214E /* CookCreateViewController.swift */; };
		26CC7A682698E6F1005F214E /* CookListViewController.swift in Sources */ = {isa = PBXBuildFile; fileRef = 26CC7A672698E6F1005F214E /* CookListViewController.swift */; };
		26CC7A712698F0CC005F214E /* CookModel.swift in Sources */ = {isa = PBXBuildFile; fileRef = 26CC7A702698F0CC005F214E /* CookModel.swift */; };
		26E6479A2694598400CEEF4D /* User.swift in Sources */ = {isa = PBXBuildFile; fileRef = 26E647992694598400CEEF4D /* User.swift */; };
		26E647A326947EC000CEEF4D /* EmptyStateView.swift in Sources */ = {isa = PBXBuildFile; fileRef = 26E647A226947EC000CEEF4D /* EmptyStateView.swift */; };
		26E647AA2694F98200CEEF4D /* .gitignore in Resources */ = {isa = PBXBuildFile; fileRef = 26E647A92694F98200CEEF4D /* .gitignore */; };
/* End PBXBuildFile section */

/* Begin PBXFileReference section */
		2650BFBE269457D400F09CCD /* Week-3.app */ = {isa = PBXFileReference; explicitFileType = wrapper.application; includeInIndex = 0; path = "Week-3.app"; sourceTree = BUILT_PRODUCTS_DIR; };
		2650BFC1269457D400F09CCD /* AppDelegate.swift */ = {isa = PBXFileReference; lastKnownFileType = sourcecode.swift; path = AppDelegate.swift; sourceTree = "<group>"; };
		2650BFC3269457D400F09CCD /* SceneDelegate.swift */ = {isa = PBXFileReference; lastKnownFileType = sourcecode.swift; path = SceneDelegate.swift; sourceTree = "<group>"; };
		2650BFC5269457D400F09CCD /* ViewController.swift */ = {isa = PBXFileReference; lastKnownFileType = sourcecode.swift; path = ViewController.swift; sourceTree = "<group>"; };
		2650BFC8269457D400F09CCD /* Base */ = {isa = PBXFileReference; lastKnownFileType = file.storyboard; name = Base; path = Base.lproj/Main.storyboard; sourceTree = "<group>"; };
		2650BFCA269457D700F09CCD /* Assets.xcassets */ = {isa = PBXFileReference; lastKnownFileType = folder.assetcatalog; path = Assets.xcassets; sourceTree = "<group>"; };
		2650BFCD269457D700F09CCD /* Base */ = {isa = PBXFileReference; lastKnownFileType = file.storyboard; name = Base; path = Base.lproj/LaunchScreen.storyboard; sourceTree = "<group>"; };
		2650BFCF269457D700F09CCD /* Info.plist */ = {isa = PBXFileReference; lastKnownFileType = text.plist.xml; path = Info.plist; sourceTree = "<group>"; };
		26A3F53126A0B85100428E34 /* NotificationSenderVC.swift */ = {isa = PBXFileReference; lastKnownFileType = sourcecode.swift; path = NotificationSenderVC.swift; sourceTree = "<group>"; };
		26A3F53526A0B86F00428E34 /* NotificationListenerVC.swift */ = {isa = PBXFileReference; lastKnownFileType = sourcecode.swift; path = NotificationListenerVC.swift; sourceTree = "<group>"; };
		26A3F53926A0B88F00428E34 /* NotificationExtension.swift */ = {isa = PBXFileReference; lastKnownFileType = sourcecode.swift; path = NotificationExtension.swift; sourceTree = "<group>"; };
		26CB844726990D4E007E1021 /* CookTableViewCell.swift */ = {isa = PBXFileReference; lastKnownFileType = sourcecode.swift; path = CookTableViewCell.swift; sourceTree = "<group>"; };
		26CC7A432695B2AF005F214E /* SearchViewController.swift */ = {isa = PBXFileReference; lastKnownFileType = sourcecode.swift; path = SearchViewController.swift; sourceTree = "<group>"; };
		26CC7A472695CFB6005F214E /* PageViewController.swift */ = {isa = PBXFileReference; lastKnownFileType = sourcecode.swift; path = PageViewController.swift; sourceTree = "<group>"; };
		26CC7A4B2695DF8D005F214E /* FirstPageVC.swift */ = {isa = PBXFileReference; lastKnownFileType = sourcecode.swift; path = FirstPageVC.swift; sourceTree = "<group>"; };
		26CC7A4E2695E0C7005F214E /* SecondPageVC.swift */ = {isa = PBXFileReference; lastKnownFileType = sourcecode.swift; path = SecondPageVC.swift; sourceTree = "<group>"; };
		26CC7A532695E103005F214E /* ThirdPageVC.swift */ = {isa = PBXFileReference; lastKnownFileType = sourcecode.swift; path = ThirdPageVC.swift; sourceTree = "<group>"; };
		26CC7A5826979F92005F214E /* MapViewController.swift */ = {isa = PBXFileReference; lastKnownFileType = sourcecode.swift; path = MapViewController.swift; sourceTree = "<group>"; };
		26CC7A5B26986AFA005F214E /* README.md */ = {isa = PBXFileReference; lastKnownFileType = net.daringfireball.markdown; path = README.md; sourceTree = "<group>"; };
		26CC7A5E2698DB0D005F214E /* Week-3.xcdatamodel */ = {isa = PBXFileReference; lastKnownFileType = wrapper.xcdatamodel; path = "Week-3.xcdatamodel"; sourceTree = "<group>"; };
		26CC7A632698DE5D005F214E /* CookCreateViewController.swift */ = {isa = PBXFileReference; lastKnownFileType = sourcecode.swift; path = CookCreateViewController.swift; sourceTree = "<group>"; };
		26CC7A672698E6F1005F214E /* CookListViewController.swift */ = {isa = PBXFileReference; lastKnownFileType = sourcecode.swift; path = CookListViewController.swift; sourceTree = "<group>"; };
		26CC7A702698F0CC005F214E /* CookModel.swift */ = {isa = PBXFileReference; lastKnownFileType = sourcecode.swift; path = CookModel.swift; sourceTree = "<group>"; };
		26E647992694598400CEEF4D /* User.swift */ = {isa = PBXFileReference; lastKnownFileType = sourcecode.swift; path = User.swift; sourceTree = "<group>"; };
		26E647A226947EC000CEEF4D /* EmptyStateView.swift */ = {isa = PBXFileReference; lastKnownFileType = sourcecode.swift; path = EmptyStateView.swift; sourceTree = "<group>"; };
		26E647A92694F98200CEEF4D /* .gitignore */ = {isa = PBXFileReference; lastKnownFileType = text; path = .gitignore; sourceTree = "<group>"; };
/* End PBXFileReference section */

/* Begin PBXFrameworksBuildPhase section */
		2650BFBB269457D400F09CCD /* Frameworks */ = {
			isa = PBXFrameworksBuildPhase;
			buildActionMask = 2147483647;
			files = (
			);
			runOnlyForDeploymentPostprocessing = 0;
		};
/* End PBXFrameworksBuildPhase section */

/* Begin PBXGroup section */
		2628C784269E2BE3008974D3 /* NotificationCenter */ = {
			isa = PBXGroup;
			children = (
				26A3F53126A0B85100428E34 /* NotificationSenderVC.swift */,
				26A3F53526A0B86F00428E34 /* NotificationListenerVC.swift */,
				26A3F53926A0B88F00428E34 /* NotificationExtension.swift */,
			);
			path = NotificationCenter;
			sourceTree = "<group>";
		};
		2650BFB5269457D400F09CCD = {
			isa = PBXGroup;
			children = (
				2650BFC0269457D400F09CCD /* Week-3 */,
				2650BFBF269457D400F09CCD /* Products */,
				26E647A92694F98200CEEF4D /* .gitignore */,
				26CC7A5B26986AFA005F214E /* README.md */,
			);
			sourceTree = "<group>";
		};
		2650BFBF269457D400F09CCD /* Products */ = {
			isa = PBXGroup;
			children = (
				2650BFBE269457D400F09CCD /* Week-3.app */,
			);
			name = Products;
			sourceTree = "<group>";
		};
		2650BFC0269457D400F09CCD /* Week-3 */ = {
			isa = PBXGroup;
			children = (
				2628C784269E2BE3008974D3 /* NotificationCenter */,
				26CC7A622698DE4D005F214E /* CoreData */,
				26CC7A5626963DD3005F214E /* MapView */,
				26CC7A462695CF6D005F214E /* PageViewController */,
				26E6479D26947E6B00CEEF4D /* Component */,
				26E647982694597C00CEEF4D /* Model */,
				2650BFD6269457E200F09CCD /* Controller */,
				2650BFC1269457D400F09CCD /* AppDelegate.swift */,
				2650BFC3269457D400F09CCD /* SceneDelegate.swift */,
				2650BFC7269457D400F09CCD /* Main.storyboard */,
				2650BFCA269457D700F09CCD /* Assets.xcassets */,
				2650BFCC269457D700F09CCD /* LaunchScreen.storyboard */,
				2650BFCF269457D700F09CCD /* Info.plist */,
				26CC7A5D2698DB0D005F214E /* Week-3.xcdatamodeld */,
			);
			path = "Week-3";
			sourceTree = "<group>";
		};
		2650BFD6269457E200F09CCD /* Controller */ = {
			isa = PBXGroup;
			children = (
				2650BFC5269457D400F09CCD /* ViewController.swift */,
				26CC7A432695B2AF005F214E /* SearchViewController.swift */,
			);
			path = Controller;
			sourceTree = "<group>";
		};
		26CC7A462695CF6D005F214E /* PageViewController */ = {
			isa = PBXGroup;
			children = (
				26CC7A472695CFB6005F214E /* PageViewController.swift */,
				26CC7A4B2695DF8D005F214E /* FirstPageVC.swift */,
				26CC7A4E2695E0C7005F214E /* SecondPageVC.swift */,
				26CC7A532695E103005F214E /* ThirdPageVC.swift */,
			);
			path = PageViewController;
			sourceTree = "<group>";
		};
		26CC7A5626963DD3005F214E /* MapView */ = {
			isa = PBXGroup;
			children = (
				26CC7A5826979F92005F214E /* MapViewController.swift */,
			);
			path = MapView;
			sourceTree = "<group>";
		};
		26CC7A622698DE4D005F214E /* CoreData */ = {
			isa = PBXGroup;
			children = (
				26CC7A632698DE5D005F214E /* CookCreateViewController.swift */,
				26CC7A672698E6F1005F214E /* CookListViewController.swift */,
				26CC7A702698F0CC005F214E /* CookModel.swift */,
				26CB844726990D4E007E1021 /* CookTableViewCell.swift */,
			);
			path = CoreData;
			sourceTree = "<group>";
		};
		26E647982694597C00CEEF4D /* Model */ = {
			isa = PBXGroup;
			children = (
				26E647992694598400CEEF4D /* User.swift */,
			);
			path = Model;
			sourceTree = "<group>";
		};
		26E6479D26947E6B00CEEF4D /* Component */ = {
			isa = PBXGroup;
			children = (
				26E647A226947EC000CEEF4D /* EmptyStateView.swift */,
			);
			path = Component;
			sourceTree = "<group>";
		};
/* End PBXGroup section */

/* Begin PBXNativeTarget section */
		2650BFBD269457D400F09CCD /* Week-3 */ = {
			isa = PBXNativeTarget;
			buildConfigurationList = 2650BFD2269457D700F09CCD /* Build configuration list for PBXNativeTarget "Week-3" */;
			buildPhases = (
				2650BFBA269457D400F09CCD /* Sources */,
				2650BFBB269457D400F09CCD /* Frameworks */,
				2650BFBC269457D400F09CCD /* Resources */,
			);
			buildRules = (
			);
			dependencies = (
			);
			name = "Week-3";
			productName = "Week-3";
			productReference = 2650BFBE269457D400F09CCD /* Week-3.app */;
			productType = "com.apple.product-type.application";
		};
/* End PBXNativeTarget section */

/* Begin PBXProject section */
		2650BFB6269457D400F09CCD /* Project object */ = {
			isa = PBXProject;
			attributes = {
				LastSwiftUpdateCheck = 1240;
				LastUpgradeCheck = 1240;
				TargetAttributes = {
					2650BFBD269457D400F09CCD = {
						CreatedOnToolsVersion = 12.4;
					};
				};
			};
			buildConfigurationList = 2650BFB9269457D400F09CCD /* Build configuration list for PBXProject "Week-3" */;
			compatibilityVersion = "Xcode 9.3";
			developmentRegion = en;
			hasScannedForEncodings = 0;
			knownRegions = (
				en,
				Base,
			);
			mainGroup = 2650BFB5269457D400F09CCD;
			productRefGroup = 2650BFBF269457D400F09CCD /* Products */;
			projectDirPath = "";
			projectRoot = "";
			targets = (
				2650BFBD269457D400F09CCD /* Week-3 */,
			);
		};
/* End PBXProject section */

/* Begin PBXResourcesBuildPhase section */
		2650BFBC269457D400F09CCD /* Resources */ = {
			isa = PBXResourcesBuildPhase;
			buildActionMask = 2147483647;
			files = (
				26E647AA2694F98200CEEF4D /* .gitignore in Resources */,
				2650BFCE269457D700F09CCD /* LaunchScreen.storyboard in Resources */,
				2650BFCB269457D700F09CCD /* Assets.xcassets in Resources */,
				2650BFC9269457D400F09CCD /* Main.storyboard in Resources */,
			);
			runOnlyForDeploymentPostprocessing = 0;
		};
/* End PBXResourcesBuildPhase section */

/* Begin PBXSourcesBuildPhase section */
		2650BFBA269457D400F09CCD /* Sources */ = {
			isa = PBXSourcesBuildPhase;
			buildActionMask = 2147483647;
			files = (
				26CC7A712698F0CC005F214E /* CookModel.swift in Sources */,
				26CB844826990D4E007E1021 /* CookTableViewCell.swift in Sources */,
				26CC7A642698DE5D005F214E /* CookCreateViewController.swift in Sources */,
				26A3F53626A0B86F00428E34 /* NotificationListenerVC.swift in Sources */,
				26CC7A5926979F92005F214E /* MapViewController.swift in Sources */,
				26CC7A682698E6F1005F214E /* CookListViewController.swift in Sources */,
				26CC7A442695B2AF005F214E /* SearchViewController.swift in Sources */,
				26CC7A482695CFB6005F214E /* PageViewController.swift in Sources */,
				26CC7A5F2698DB0D005F214E /* Week-3.xcdatamodeld in Sources */,
				26CC7A4C2695DF8D005F214E /* FirstPageVC.swift in Sources */,
				26CC7A542695E103005F214E /* ThirdPageVC.swift in Sources */,
				26A3F53A26A0B88F00428E34 /* NotificationExtension.swift in Sources */,
				26E6479A2694598400CEEF4D /* User.swift in Sources */,
				2650BFC6269457D400F09CCD /* ViewController.swift in Sources */,
				26CC7A4F2695E0C7005F214E /* SecondPageVC.swift in Sources */,
				26A3F53226A0B85100428E34 /* NotificationSenderVC.swift in Sources */,
				26E647A326947EC000CEEF4D /* EmptyStateView.swift in Sources */,
				2650BFC2269457D400F09CCD /* AppDelegate.swift in Sources */,
				2650BFC4269457D400F09CCD /* SceneDelegate.swift in Sources */,
			);
			runOnlyForDeploymentPostprocessing = 0;
		};
/* End PBXSourcesBuildPhase section */

/* Begin PBXVariantGroup section */
		2650BFC7269457D400F09CCD /* Main.storyboard */ = {
			isa = PBXVariantGroup;
			children = (
				2650BFC8269457D400F09CCD /* Base */,
			);
			name = Main.storyboard;
			sourceTree = "<group>";
		};
		2650BFCC269457D700F09CCD /* LaunchScreen.storyboard */ = {
			isa = PBXVariantGroup;
			children = (
				2650BFCD269457D700F09CCD /* Base */,
			);
			name = LaunchScreen.storyboard;
			sourceTree = "<group>";
		};
/* End PBXVariantGroup section */

/* Begin XCBuildConfiguration section */
		2650BFD0269457D700F09CCD /* Debug */ = {
			isa = XCBuildConfiguration;
			buildSettings = {
				ALWAYS_SEARCH_USER_PATHS = NO;
				CLANG_ANALYZER_NONNULL = YES;
				CLANG_ANALYZER_NUMBER_OBJECT_CONVERSION = YES_AGGRESSIVE;
				CLANG_CXX_LANGUAGE_STANDARD = "gnu++14";
				CLANG_CXX_LIBRARY = "libc++";
				CLANG_ENABLE_MODULES = YES;
				CLANG_ENABLE_OBJC_ARC = YES;
				CLANG_ENABLE_OBJC_WEAK = YES;
				CLANG_WARN_BLOCK_CAPTURE_AUTORELEASING = YES;
				CLANG_WARN_BOOL_CONVERSION = YES;
				CLANG_WARN_COMMA = YES;
				CLANG_WARN_CONSTANT_CONVERSION = YES;
				CLANG_WARN_DEPRECATED_OBJC_IMPLEMENTATIONS = YES;
				CLANG_WARN_DIRECT_OBJC_ISA_USAGE = YES_ERROR;
				CLANG_WARN_DOCUMENTATION_COMMENTS = YES;
				CLANG_WARN_EMPTY_BODY = YES;
				CLANG_WARN_ENUM_CONVERSION = YES;
				CLANG_WARN_INFINITE_RECURSION = YES;
				CLANG_WARN_INT_CONVERSION = YES;
				CLANG_WARN_NON_LITERAL_NULL_CONVERSION = YES;
				CLANG_WARN_OBJC_IMPLICIT_RETAIN_SELF = YES;
				CLANG_WARN_OBJC_LITERAL_CONVERSION = YES;
				CLANG_WARN_OBJC_ROOT_CLASS = YES_ERROR;
				CLANG_WARN_QUOTED_INCLUDE_IN_FRAMEWORK_HEADER = YES;
				CLANG_WARN_RANGE_LOOP_ANALYSIS = YES;
				CLANG_WARN_STRICT_PROTOTYPES = YES;
				CLANG_WARN_SUSPICIOUS_MOVE = YES;
				CLANG_WARN_UNGUARDED_AVAILABILITY = YES_AGGRESSIVE;
				CLANG_WARN_UNREACHABLE_CODE = YES;
				CLANG_WARN__DUPLICATE_METHOD_MATCH = YES;
				COPY_PHASE_STRIP = NO;
				DEBUG_INFORMATION_FORMAT = dwarf;
				ENABLE_STRICT_OBJC_MSGSEND = YES;
				ENABLE_TESTABILITY = YES;
				GCC_C_LANGUAGE_STANDARD = gnu11;
				GCC_DYNAMIC_NO_PIC = NO;
				GCC_NO_COMMON_BLOCKS = YES;
				GCC_OPTIMIZATION_LEVEL = 0;
				GCC_PREPROCESSOR_DEFINITIONS = (
					"DEBUG=1",
					"$(inherited)",
				);
				GCC_WARN_64_TO_32_BIT_CONVERSION = YES;
				GCC_WARN_ABOUT_RETURN_TYPE = YES_ERROR;
				GCC_WARN_UNDECLARED_SELECTOR = YES;
				GCC_WARN_UNINITIALIZED_AUTOS = YES_AGGRESSIVE;
				GCC_WARN_UNUSED_FUNCTION = YES;
				GCC_WARN_UNUSED_VARIABLE = YES;
				IPHONEOS_DEPLOYMENT_TARGET = 14.4;
				MTL_ENABLE_DEBUG_INFO = INCLUDE_SOURCE;
				MTL_FAST_MATH = YES;
				ONLY_ACTIVE_ARCH = YES;
				SDKROOT = iphoneos;
				SWIFT_ACTIVE_COMPILATION_CONDITIONS = DEBUG;
				SWIFT_OPTIMIZATION_LEVEL = "-Onone";
			};
			name = Debug;
		};
		2650BFD1269457D700F09CCD /* Release */ = {
			isa = XCBuildConfiguration;
			buildSettings = {
				ALWAYS_SEARCH_USER_PATHS = NO;
				CLANG_ANALYZER_NONNULL = YES;
				CLANG_ANALYZER_NUMBER_OBJECT_CONVERSION = YES_AGGRESSIVE;
				CLANG_CXX_LANGUAGE_STANDARD = "gnu++14";
				CLANG_CXX_LIBRARY = "libc++";
				CLANG_ENABLE_MODULES = YES;
				CLANG_ENABLE_OBJC_ARC = YES;
				CLANG_ENABLE_OBJC_WEAK = YES;
				CLANG_WARN_BLOCK_CAPTURE_AUTORELEASING = YES;
				CLANG_WARN_BOOL_CONVERSION = YES;
				CLANG_WARN_COMMA = YES;
				CLANG_WARN_CONSTANT_CONVERSION = YES;
				CLANG_WARN_DEPRECATED_OBJC_IMPLEMENTATIONS = YES;
				CLANG_WARN_DIRECT_OBJC_ISA_USAGE = YES_ERROR;
				CLANG_WARN_DOCUMENTATION_COMMENTS = YES;
				CLANG_WARN_EMPTY_BODY = YES;
				CLANG_WARN_ENUM_CONVERSION = YES;
				CLANG_WARN_INFINITE_RECURSION = YES;
				CLANG_WARN_INT_CONVERSION = YES;
				CLANG_WARN_NON_LITERAL_NULL_CONVERSION = YES;
				CLANG_WARN_OBJC_IMPLICIT_RETAIN_SELF = YES;
				CLANG_WARN_OBJC_LITERAL_CONVERSION = YES;
				CLANG_WARN_OBJC_ROOT_CLASS = YES_ERROR;
				CLANG_WARN_QUOTED_INCLUDE_IN_FRAMEWORK_HEADER = YES;
				CLANG_WARN_RANGE_LOOP_ANALYSIS = YES;
				CLANG_WARN_STRICT_PROTOTYPES = YES;
				CLANG_WARN_SUSPICIOUS_MOVE = YES;
				CLANG_WARN_UNGUARDED_AVAILABILITY = YES_AGGRESSIVE;
				CLANG_WARN_UNREACHABLE_CODE = YES;
				CLANG_WARN__DUPLICATE_METHOD_MATCH = YES;
				COPY_PHASE_STRIP = NO;
				DEBUG_INFORMATION_FORMAT = "dwarf-with-dsym";
				ENABLE_NS_ASSERTIONS = NO;
				ENABLE_STRICT_OBJC_MSGSEND = YES;
				GCC_C_LANGUAGE_STANDARD = gnu11;
				GCC_NO_COMMON_BLOCKS = YES;
				GCC_WARN_64_TO_32_BIT_CONVERSION = YES;
				GCC_WARN_ABOUT_RETURN_TYPE = YES_ERROR;
				GCC_WARN_UNDECLARED_SELECTOR = YES;
				GCC_WARN_UNINITIALIZED_AUTOS = YES_AGGRESSIVE;
				GCC_WARN_UNUSED_FUNCTION = YES;
				GCC_WARN_UNUSED_VARIABLE = YES;
				IPHONEOS_DEPLOYMENT_TARGET = 14.4;
				MTL_ENABLE_DEBUG_INFO = NO;
				MTL_FAST_MATH = YES;
				SDKROOT = iphoneos;
				SWIFT_COMPILATION_MODE = wholemodule;
				SWIFT_OPTIMIZATION_LEVEL = "-O";
				VALIDATE_PRODUCT = YES;
			};
			name = Release;
		};
		2650BFD3269457D700F09CCD /* Debug */ = {
			isa = XCBuildConfiguration;
			buildSettings = {
				ASSETCATALOG_COMPILER_APPICON_NAME = AppIcon;
				ASSETCATALOG_COMPILER_GLOBAL_ACCENT_COLOR_NAME = AccentColor;
				CODE_SIGN_STYLE = Automatic;
				DEVELOPMENT_TEAM = DM229JN84M;
				INFOPLIST_FILE = "Week-3/Info.plist";
				LD_RUNPATH_SEARCH_PATHS = (
					"$(inherited)",
					"@executable_path/Frameworks",
				);
				PRODUCT_BUNDLE_IDENTIFIER = "com.samedbicer.Week-3";
				PRODUCT_NAME = "$(TARGET_NAME)";
				SWIFT_VERSION = 5.0;
				TARGETED_DEVICE_FAMILY = "1,2";
			};
			name = Debug;
		};
		2650BFD4269457D700F09CCD /* Release */ = {
			isa = XCBuildConfiguration;
			buildSettings = {
				ASSETCATALOG_COMPILER_APPICON_NAME = AppIcon;
				ASSETCATALOG_COMPILER_GLOBAL_ACCENT_COLOR_NAME = AccentColor;
				CODE_SIGN_STYLE = Automatic;
				DEVELOPMENT_TEAM = DM229JN84M;
				INFOPLIST_FILE = "Week-3/Info.plist";
				LD_RUNPATH_SEARCH_PATHS = (
					"$(inherited)",
					"@executable_path/Frameworks",
				);
				PRODUCT_BUNDLE_IDENTIFIER = "com.samedbicer.Week-3";
				PRODUCT_NAME = "$(TARGET_NAME)";
				SWIFT_VERSION = 5.0;
				TARGETED_DEVICE_FAMILY = "1,2";
			};
			name = Release;
		};
/* End XCBuildConfiguration section */

/* Begin XCConfigurationList section */
		2650BFB9269457D400F09CCD /* Build configuration list for PBXProject "Week-3" */ = {
			isa = XCConfigurationList;
			buildConfigurations = (
				2650BFD0269457D700F09CCD /* Debug */,
				2650BFD1269457D700F09CCD /* Release */,
			);
			defaultConfigurationIsVisible = 0;
			defaultConfigurationName = Release;
		};
		2650BFD2269457D700F09CCD /* Build configuration list for PBXNativeTarget "Week-3" */ = {
			isa = XCConfigurationList;
			buildConfigurations = (
				2650BFD3269457D700F09CCD /* Debug */,
				2650BFD4269457D700F09CCD /* Release */,
			);
			defaultConfigurationIsVisible = 0;
			defaultConfigurationName = Release;
		};
/* End XCConfigurationList section */

/* Begin XCVersionGroup section */
		26CC7A5D2698DB0D005F214E /* Week-3.xcdatamodeld */ = {
			isa = XCVersionGroup;
			children = (
				26CC7A5E2698DB0D005F214E /* Week-3.xcdatamodel */,
			);
			currentVersion = 26CC7A5E2698DB0D005F214E /* Week-3.xcdatamodel */;
			path = "Week-3.xcdatamodeld";
			sourceTree = "<group>";
			versionGroupType = wrapper.xcdatamodel;
		};
/* End XCVersionGroup section */
	};
	rootObject = 2650BFB6269457D400F09CCD /* Project object */;
}
